// !$*UTF8*$!
{
	archiveVersion = 1;
	classes = {
	};
	objectVersion = 46;
	objects = {

/* Begin PBXBuildFile section */
		CF2C77F21C89613700B72821 /* AppDelegate.swift in Sources */ = {isa = PBXBuildFile; fileRef = CF2C77F11C89613700B72821 /* AppDelegate.swift */; };
		CF2C77F41C89613700B72821 /* ViewController.swift in Sources */ = {isa = PBXBuildFile; fileRef = CF2C77F31C89613700B72821 /* ViewController.swift */; };
		CF2C77F71C89613700B72821 /* Main.storyboard in Resources */ = {isa = PBXBuildFile; fileRef = CF2C77F51C89613700B72821 /* Main.storyboard */; };
		CF2C77F91C89613700B72821 /* Assets.xcassets in Resources */ = {isa = PBXBuildFile; fileRef = CF2C77F81C89613700B72821 /* Assets.xcassets */; };
		CF2C77FC1C89613700B72821 /* LaunchScreen.storyboard in Resources */ = {isa = PBXBuildFile; fileRef = CF2C77FA1C89613700B72821 /* LaunchScreen.storyboard */; };
		CF467CAB1EC17306003F85F5 /* PhotoAlbumCell.swift in Sources */ = {isa = PBXBuildFile; fileRef = CF467C921EC17306003F85F5 /* PhotoAlbumCell.swift */; };
		CF467CAC1EC17306003F85F5 /* PhotoAlbumCell.xib in Resources */ = {isa = PBXBuildFile; fileRef = CF467C931EC17306003F85F5 /* PhotoAlbumCell.xib */; };
		CF467CAD1EC17306003F85F5 /* PhotoAlbumView.swift in Sources */ = {isa = PBXBuildFile; fileRef = CF467C941EC17306003F85F5 /* PhotoAlbumView.swift */; };
		CF467CAE1EC17306003F85F5 /* CameraHelper.swift in Sources */ = {isa = PBXBuildFile; fileRef = CF467C961EC17306003F85F5 /* CameraHelper.swift */; };
		CF467CAF1EC17306003F85F5 /* CameraPreviewCell.swift in Sources */ = {isa = PBXBuildFile; fileRef = CF467C971EC17306003F85F5 /* CameraPreviewCell.swift */; };
		CF467CB01EC17306003F85F5 /* CameraPreviewCell.xib in Resources */ = {isa = PBXBuildFile; fileRef = CF467C981EC17306003F85F5 /* CameraPreviewCell.xib */; };
		CF467CB11EC17306003F85F5 /* CameraPreviewView.swift in Sources */ = {isa = PBXBuildFile; fileRef = CF467C991EC17306003F85F5 /* CameraPreviewView.swift */; };
		CF467CB21EC17306003F85F5 /* CropImageScrollView.swift in Sources */ = {isa = PBXBuildFile; fileRef = CF467C9B1EC17306003F85F5 /* CropImageScrollView.swift */; };
		CF467CB31EC17306003F85F5 /* PhotoCropViewController.swift in Sources */ = {isa = PBXBuildFile; fileRef = CF467C9C1EC17306003F85F5 /* PhotoCropViewController.swift */; };
		CF467CB41EC17306003F85F5 /* PhotoMaskView.swift in Sources */ = {isa = PBXBuildFile; fileRef = CF467C9D1EC17306003F85F5 /* PhotoMaskView.swift */; };
		CF467CB61EC17306003F85F5 /* ImagePickerHelper.swift in Sources */ = {isa = PBXBuildFile; fileRef = CF467C9F1EC17306003F85F5 /* ImagePickerHelper.swift */; };
		CF467CB71EC17306003F85F5 /* PhotoColletionViewController.swift in Sources */ = {isa = PBXBuildFile; fileRef = CF467CA11EC17306003F85F5 /* PhotoColletionViewController.swift */; };
		CF467CB81EC17306003F85F5 /* PhotoThumbCell.swift in Sources */ = {isa = PBXBuildFile; fileRef = CF467CA21EC17306003F85F5 /* PhotoThumbCell.swift */; };
		CF467CB91EC17306003F85F5 /* PhotoThumbCell.xib in Resources */ = {isa = PBXBuildFile; fileRef = CF467CA31EC17306003F85F5 /* PhotoThumbCell.xib */; };
		CF467CBA1EC17306003F85F5 /* PhotoCollectionLiteCell.swift in Sources */ = {isa = PBXBuildFile; fileRef = CF467CA51EC17306003F85F5 /* PhotoCollectionLiteCell.swift */; };
		CF467CBB1EC17306003F85F5 /* PreviewPhotoViewController.swift in Sources */ = {isa = PBXBuildFile; fileRef = CF467CA61EC17306003F85F5 /* PreviewPhotoViewController.swift */; };
		CF467CBC1EC17306003F85F5 /* WZPhotoBrowserLite.swift in Sources */ = {isa = PBXBuildFile; fileRef = CF467CA71EC17306003F85F5 /* WZPhotoBrowserLite.swift */; };
		CF467CBD1EC17306003F85F5 /* ZoomImageScrollViewLite.swift in Sources */ = {isa = PBXBuildFile; fileRef = CF467CA81EC17306003F85F5 /* ZoomImageScrollViewLite.swift */; };
		CF467CBE1EC17306003F85F5 /* PhotosManager.swift in Sources */ = {isa = PBXBuildFile; fileRef = CF467CA91EC17306003F85F5 /* PhotosManager.swift */; };
		CF467CC71EC17454003F85F5 /* back_white_arrow@3x.png in Resources */ = {isa = PBXBuildFile; fileRef = CF467CC11EC17454003F85F5 /* back_white_arrow@3x.png */; };
		CF467CC81EC17454003F85F5 /* default_pic.png in Resources */ = {isa = PBXBuildFile; fileRef = CF467CC21EC17454003F85F5 /* default_pic.png */; };
		CF467CC91EC17454003F85F5 /* ic_down_arrow.png in Resources */ = {isa = PBXBuildFile; fileRef = CF467CC31EC17454003F85F5 /* ic_down_arrow.png */; };
		CF467CCA1EC17454003F85F5 /* imagepick_camera.png in Resources */ = {isa = PBXBuildFile; fileRef = CF467CC41EC17454003F85F5 /* imagepick_camera.png */; };
		CF467CCB1EC17454003F85F5 /* imagepick_unchecked.png in Resources */ = {isa = PBXBuildFile; fileRef = CF467CC51EC17454003F85F5 /* imagepick_unchecked.png */; };
		CF467CCC1EC17454003F85F5 /* imagepick_checked.png in Resources */ = {isa = PBXBuildFile; fileRef = CF467CC61EC17454003F85F5 /* imagepick_checked.png */; };
		CF467CD01EC17493003F85F5 /* Extension.swift in Sources */ = {isa = PBXBuildFile; fileRef = CF467CCE1EC17493003F85F5 /* Extension.swift */; };
		CF467CD11EC17493003F85F5 /* PopViewHelper.swift in Sources */ = {isa = PBXBuildFile; fileRef = CF467CCF1EC17493003F85F5 /* PopViewHelper.swift */; };
		DB07072D855558974CCCA5B9 /* Pods_ImagePickerProject.framework in Frameworks */ = {isa = PBXBuildFile; fileRef = 9E81F196D59D9C20DB1AA34A /* Pods_ImagePickerProject.framework */; };
/* End PBXBuildFile section */

/* Begin PBXFileReference section */
		30193EB4488311F7EE4A4CBB /* Pods-ImagePickerProject.debug.xcconfig */ = {isa = PBXFileReference; includeInIndex = 1; lastKnownFileType = text.xcconfig; name = "Pods-ImagePickerProject.debug.xcconfig"; path = "Pods/Target Support Files/Pods-ImagePickerProject/Pods-ImagePickerProject.debug.xcconfig"; sourceTree = "<group>"; };
		95A5E52D98A73A4239134B4F /* Pods-ImagePickerProject.release.xcconfig */ = {isa = PBXFileReference; includeInIndex = 1; lastKnownFileType = text.xcconfig; name = "Pods-ImagePickerProject.release.xcconfig"; path = "Pods/Target Support Files/Pods-ImagePickerProject/Pods-ImagePickerProject.release.xcconfig"; sourceTree = "<group>"; };
		9E81F196D59D9C20DB1AA34A /* Pods_ImagePickerProject.framework */ = {isa = PBXFileReference; explicitFileType = wrapper.framework; includeInIndex = 0; path = Pods_ImagePickerProject.framework; sourceTree = BUILT_PRODUCTS_DIR; };
		CF2C77EE1C89613700B72821 /* ImagePickerProject.app */ = {isa = PBXFileReference; explicitFileType = wrapper.application; includeInIndex = 0; path = ImagePickerProject.app; sourceTree = BUILT_PRODUCTS_DIR; };
		CF2C77F11C89613700B72821 /* AppDelegate.swift */ = {isa = PBXFileReference; lastKnownFileType = sourcecode.swift; path = AppDelegate.swift; sourceTree = "<group>"; };
		CF2C77F31C89613700B72821 /* ViewController.swift */ = {isa = PBXFileReference; lastKnownFileType = sourcecode.swift; path = ViewController.swift; sourceTree = "<group>"; };
		CF2C77F61C89613700B72821 /* Base */ = {isa = PBXFileReference; lastKnownFileType = file.storyboard; name = Base; path = Base.lproj/Main.storyboard; sourceTree = "<group>"; };
		CF2C77F81C89613700B72821 /* Assets.xcassets */ = {isa = PBXFileReference; lastKnownFileType = folder.assetcatalog; path = Assets.xcassets; sourceTree = "<group>"; };
		CF2C77FB1C89613700B72821 /* Base */ = {isa = PBXFileReference; lastKnownFileType = file.storyboard; name = Base; path = Base.lproj/LaunchScreen.storyboard; sourceTree = "<group>"; };
		CF2C77FD1C89613700B72821 /* Info.plist */ = {isa = PBXFileReference; lastKnownFileType = text.plist.xml; path = Info.plist; sourceTree = "<group>"; };
		CF2C7C8B1C8961B500B72821 /* ImagePickerProject-Bridging-Header.h */ = {isa = PBXFileReference; fileEncoding = 4; lastKnownFileType = sourcecode.c.h; path = "ImagePickerProject-Bridging-Header.h"; sourceTree = "<group>"; };
		CF467C921EC17306003F85F5 /* PhotoAlbumCell.swift */ = {isa = PBXFileReference; fileEncoding = 4; lastKnownFileType = sourcecode.swift; path = PhotoAlbumCell.swift; sourceTree = "<group>"; };
		CF467C931EC17306003F85F5 /* PhotoAlbumCell.xib */ = {isa = PBXFileReference; fileEncoding = 4; lastKnownFileType = file.xib; path = PhotoAlbumCell.xib; sourceTree = "<group>"; };
		CF467C941EC17306003F85F5 /* PhotoAlbumView.swift */ = {isa = PBXFileReference; fileEncoding = 4; lastKnownFileType = sourcecode.swift; path = PhotoAlbumView.swift; sourceTree = "<group>"; };
		CF467C961EC17306003F85F5 /* CameraHelper.swift */ = {isa = PBXFileReference; fileEncoding = 4; lastKnownFileType = sourcecode.swift; path = CameraHelper.swift; sourceTree = "<group>"; };
		CF467C971EC17306003F85F5 /* CameraPreviewCell.swift */ = {isa = PBXFileReference; fileEncoding = 4; lastKnownFileType = sourcecode.swift; path = CameraPreviewCell.swift; sourceTree = "<group>"; };
		CF467C981EC17306003F85F5 /* CameraPreviewCell.xib */ = {isa = PBXFileReference; fileEncoding = 4; lastKnownFileType = file.xib; path = CameraPreviewCell.xib; sourceTree = "<group>"; };
		CF467C991EC17306003F85F5 /* CameraPreviewView.swift */ = {isa = PBXFileReference; fileEncoding = 4; lastKnownFileType = sourcecode.swift; path = CameraPreviewView.swift; sourceTree = "<group>"; };
		CF467C9B1EC17306003F85F5 /* CropImageScrollView.swift */ = {isa = PBXFileReference; fileEncoding = 4; lastKnownFileType = sourcecode.swift; path = CropImageScrollView.swift; sourceTree = "<group>"; };
		CF467C9C1EC17306003F85F5 /* PhotoCropViewController.swift */ = {isa = PBXFileReference; fileEncoding = 4; lastKnownFileType = sourcecode.swift; path = PhotoCropViewController.swift; sourceTree = "<group>"; };
		CF467C9D1EC17306003F85F5 /* PhotoMaskView.swift */ = {isa = PBXFileReference; fileEncoding = 4; lastKnownFileType = sourcecode.swift; path = PhotoMaskView.swift; sourceTree = "<group>"; };
		CF467C9F1EC17306003F85F5 /* ImagePickerHelper.swift */ = {isa = PBXFileReference; fileEncoding = 4; lastKnownFileType = sourcecode.swift; path = ImagePickerHelper.swift; sourceTree = "<group>"; };
		CF467CA11EC17306003F85F5 /* PhotoColletionViewController.swift */ = {isa = PBXFileReference; fileEncoding = 4; lastKnownFileType = sourcecode.swift; path = PhotoColletionViewController.swift; sourceTree = "<group>"; };
		CF467CA21EC17306003F85F5 /* PhotoThumbCell.swift */ = {isa = PBXFileReference; fileEncoding = 4; lastKnownFileType = sourcecode.swift; path = PhotoThumbCell.swift; sourceTree = "<group>"; };
		CF467CA31EC17306003F85F5 /* PhotoThumbCell.xib */ = {isa = PBXFileReference; fileEncoding = 4; lastKnownFileType = file.xib; path = PhotoThumbCell.xib; sourceTree = "<group>"; };
		CF467CA51EC17306003F85F5 /* PhotoCollectionLiteCell.swift */ = {isa = PBXFileReference; fileEncoding = 4; lastKnownFileType = sourcecode.swift; path = PhotoCollectionLiteCell.swift; sourceTree = "<group>"; };
		CF467CA61EC17306003F85F5 /* PreviewPhotoViewController.swift */ = {isa = PBXFileReference; fileEncoding = 4; lastKnownFileType = sourcecode.swift; path = PreviewPhotoViewController.swift; sourceTree = "<group>"; };
		CF467CA71EC17306003F85F5 /* WZPhotoBrowserLite.swift */ = {isa = PBXFileReference; fileEncoding = 4; lastKnownFileType = sourcecode.swift; path = WZPhotoBrowserLite.swift; sourceTree = "<group>"; };
		CF467CA81EC17306003F85F5 /* ZoomImageScrollViewLite.swift */ = {isa = PBXFileReference; fileEncoding = 4; lastKnownFileType = sourcecode.swift; path = ZoomImageScrollViewLite.swift; sourceTree = "<group>"; };
		CF467CA91EC17306003F85F5 /* PhotosManager.swift */ = {isa = PBXFileReference; fileEncoding = 4; lastKnownFileType = sourcecode.swift; path = PhotosManager.swift; sourceTree = "<group>"; };
		CF467CC11EC17454003F85F5 /* back_white_arrow@3x.png */ = {isa = PBXFileReference; lastKnownFileType = image.png; path = "back_white_arrow@3x.png"; sourceTree = "<group>"; };
		CF467CC21EC17454003F85F5 /* default_pic.png */ = {isa = PBXFileReference; lastKnownFileType = image.png; path = default_pic.png; sourceTree = "<group>"; };
		CF467CC31EC17454003F85F5 /* ic_down_arrow.png */ = {isa = PBXFileReference; lastKnownFileType = image.png; path = ic_down_arrow.png; sourceTree = "<group>"; };
		CF467CC41EC17454003F85F5 /* imagepick_camera.png */ = {isa = PBXFileReference; lastKnownFileType = image.png; path = imagepick_camera.png; sourceTree = "<group>"; };
		CF467CC51EC17454003F85F5 /* imagepick_unchecked.png */ = {isa = PBXFileReference; lastKnownFileType = image.png; path = imagepick_unchecked.png; sourceTree = "<group>"; };
		CF467CC61EC17454003F85F5 /* imagepick_checked.png */ = {isa = PBXFileReference; lastKnownFileType = image.png; path = imagepick_checked.png; sourceTree = "<group>"; };
		CF467CCE1EC17493003F85F5 /* Extension.swift */ = {isa = PBXFileReference; fileEncoding = 4; lastKnownFileType = sourcecode.swift; path = Extension.swift; sourceTree = "<group>"; };
		CF467CCF1EC17493003F85F5 /* PopViewHelper.swift */ = {isa = PBXFileReference; fileEncoding = 4; lastKnownFileType = sourcecode.swift; path = PopViewHelper.swift; sourceTree = "<group>"; };
/* End PBXFileReference section */

/* Begin PBXFrameworksBuildPhase section */
		CF2C77EB1C89613700B72821 /* Frameworks */ = {
			isa = PBXFrameworksBuildPhase;
			buildActionMask = 2147483647;
			files = (
				DB07072D855558974CCCA5B9 /* Pods_ImagePickerProject.framework in Frameworks */,
			);
			runOnlyForDeploymentPostprocessing = 0;
		};
/* End PBXFrameworksBuildPhase section */

/* Begin PBXGroup section */
		9E6755B29B526CAFA2AEFB02 /* Frameworks */ = {
			isa = PBXGroup;
			children = (
				9E81F196D59D9C20DB1AA34A /* Pods_ImagePickerProject.framework */,
			);
			name = Frameworks;
			sourceTree = "<group>";
		};
		9F83594CA809A6E91D048020 /* Pods */ = {
			isa = PBXGroup;
			children = (
				30193EB4488311F7EE4A4CBB /* Pods-ImagePickerProject.debug.xcconfig */,
				95A5E52D98A73A4239134B4F /* Pods-ImagePickerProject.release.xcconfig */,
			);
			name = Pods;
			sourceTree = "<group>";
		};
		CF2C77E51C89613700B72821 = {
			isa = PBXGroup;
			children = (
				CF2C77F01C89613700B72821 /* ImagePickerProject */,
				CF2C77EF1C89613700B72821 /* Products */,
				9F83594CA809A6E91D048020 /* Pods */,
				9E6755B29B526CAFA2AEFB02 /* Frameworks */,
			);
			sourceTree = "<group>";
		};
		CF2C77EF1C89613700B72821 /* Products */ = {
			isa = PBXGroup;
			children = (
				CF2C77EE1C89613700B72821 /* ImagePickerProject.app */,
			);
			name = Products;
			sourceTree = "<group>";
		};
		CF2C77F01C89613700B72821 /* ImagePickerProject */ = {
			isa = PBXGroup;
			children = (
				CF467C901EC17306003F85F5 /* ImagePicker */,
				CF2C7C841C8961B500B72821 /* SupportFile */,
				CF2C77F11C89613700B72821 /* AppDelegate.swift */,
				CF2C77F31C89613700B72821 /* ViewController.swift */,
				CF2C77F51C89613700B72821 /* Main.storyboard */,
				CF2C77F81C89613700B72821 /* Assets.xcassets */,
				CF2C77FA1C89613700B72821 /* LaunchScreen.storyboard */,
				CF2C77FD1C89613700B72821 /* Info.plist */,
			);
			path = ImagePickerProject;
			sourceTree = "<group>";
		};
		CF2C7C841C8961B500B72821 /* SupportFile */ = {
			isa = PBXGroup;
			children = (
				CF2C7C8B1C8961B500B72821 /* ImagePickerProject-Bridging-Header.h */,
			);
			path = SupportFile;
			sourceTree = "<group>";
		};
		CF467C901EC17306003F85F5 /* ImagePicker */ = {
			isa = PBXGroup;
			children = (
				CF467C9F1EC17306003F85F5 /* ImagePickerHelper.swift */,
				CF467CA91EC17306003F85F5 /* PhotosManager.swift */,
				CF467CCD1EC17493003F85F5 /* Tool */,
				CF467C911EC17306003F85F5 /* Album */,
				CF467C951EC17306003F85F5 /* Camera */,
				CF467C9A1EC17306003F85F5 /* Crop */,
				CF467CA01EC17306003F85F5 /* Main */,
				CF467CA41EC17306003F85F5 /* PhotoBrowser */,
				CF467CC01EC17454003F85F5 /* Resource */,
			);
			name = ImagePicker;
			path = ../../ImagePicker;
			sourceTree = "<group>";
		};
		CF467C911EC17306003F85F5 /* Album */ = {
			isa = PBXGroup;
			children = (
				CF467C921EC17306003F85F5 /* PhotoAlbumCell.swift */,
				CF467C931EC17306003F85F5 /* PhotoAlbumCell.xib */,
				CF467C941EC17306003F85F5 /* PhotoAlbumView.swift */,
			);
			path = Album;
			sourceTree = "<group>";
		};
		CF467C951EC17306003F85F5 /* Camera */ = {
			isa = PBXGroup;
			children = (
				CF467C961EC17306003F85F5 /* CameraHelper.swift */,
				CF467C971EC17306003F85F5 /* CameraPreviewCell.swift */,
				CF467C981EC17306003F85F5 /* CameraPreviewCell.xib */,
				CF467C991EC17306003F85F5 /* CameraPreviewView.swift */,
			);
			path = Camera;
			sourceTree = "<group>";
		};
		CF467C9A1EC17306003F85F5 /* Crop */ = {
			isa = PBXGroup;
			children = (
				CF467C9B1EC17306003F85F5 /* CropImageScrollView.swift */,
				CF467C9C1EC17306003F85F5 /* PhotoCropViewController.swift */,
				CF467C9D1EC17306003F85F5 /* PhotoMaskView.swift */,
			);
			path = Crop;
			sourceTree = "<group>";
		};
		CF467CA01EC17306003F85F5 /* Main */ = {
			isa = PBXGroup;
			children = (
				CF467CA11EC17306003F85F5 /* PhotoColletionViewController.swift */,
				CF467CA21EC17306003F85F5 /* PhotoThumbCell.swift */,
				CF467CA31EC17306003F85F5 /* PhotoThumbCell.xib */,
			);
			path = Main;
			sourceTree = "<group>";
		};
		CF467CA41EC17306003F85F5 /* PhotoBrowser */ = {
			isa = PBXGroup;
			children = (
				CF467CA51EC17306003F85F5 /* PhotoCollectionLiteCell.swift */,
				CF467CA61EC17306003F85F5 /* PreviewPhotoViewController.swift */,
				CF467CA71EC17306003F85F5 /* WZPhotoBrowserLite.swift */,
				CF467CA81EC17306003F85F5 /* ZoomImageScrollViewLite.swift */,
			);
			path = PhotoBrowser;
			sourceTree = "<group>";
		};
		CF467CC01EC17454003F85F5 /* Resource */ = {
			isa = PBXGroup;
			children = (
				CF467CC11EC17454003F85F5 /* back_white_arrow@3x.png */,
				CF467CC21EC17454003F85F5 /* default_pic.png */,
				CF467CC31EC17454003F85F5 /* ic_down_arrow.png */,
				CF467CC41EC17454003F85F5 /* imagepick_camera.png */,
				CF467CC51EC17454003F85F5 /* imagepick_unchecked.png */,
				CF467CC61EC17454003F85F5 /* imagepick_checked.png */,
			);
			path = Resource;
			sourceTree = "<group>";
		};
		CF467CCD1EC17493003F85F5 /* Tool */ = {
			isa = PBXGroup;
			children = (
				CF467CCE1EC17493003F85F5 /* Extension.swift */,
				CF467CCF1EC17493003F85F5 /* PopViewHelper.swift */,
			);
			path = Tool;
			sourceTree = "<group>";
		};
/* End PBXGroup section */

/* Begin PBXNativeTarget section */
		CF2C77ED1C89613700B72821 /* ImagePickerProject */ = {
			isa = PBXNativeTarget;
			buildConfigurationList = CF2C78001C89613700B72821 /* Build configuration list for PBXNativeTarget "ImagePickerProject" */;
			buildPhases = (
				226264370DA4127C849AD525 /* [CP] Check Pods Manifest.lock */,
				CF2C77EA1C89613700B72821 /* Sources */,
				CF2C77EB1C89613700B72821 /* Frameworks */,
				CF2C77EC1C89613700B72821 /* Resources */,
				A996329BAC19C25F18D41370 /* [CP] Embed Pods Frameworks */,
				AF2F118616715325DDF2F2D2 /* [CP] Copy Pods Resources */,
			);
			buildRules = (
			);
			dependencies = (
			);
			name = ImagePickerProject;
			productName = ImagePickerProject;
			productReference = CF2C77EE1C89613700B72821 /* ImagePickerProject.app */;
			productType = "com.apple.product-type.application";
		};
/* End PBXNativeTarget section */

/* Begin PBXProject section */
		CF2C77E61C89613700B72821 /* Project object */ = {
			isa = PBXProject;
			attributes = {
				LastSwiftUpdateCheck = 0720;
				LastUpgradeCheck = 0720;
				ORGANIZATIONNAME = "范祎楠";
				TargetAttributes = {
					CF2C77ED1C89613700B72821 = {
						CreatedOnToolsVersion = 7.2;
						DevelopmentTeam = X7X6FZA4NY;
						LastSwiftMigration = 0900;
					};
				};
			};
			buildConfigurationList = CF2C77E91C89613700B72821 /* Build configuration list for PBXProject "ImagePickerProject" */;
			compatibilityVersion = "Xcode 3.2";
			developmentRegion = English;
			hasScannedForEncodings = 0;
			knownRegions = (
				en,
				Base,
			);
			mainGroup = CF2C77E51C89613700B72821;
			productRefGroup = CF2C77EF1C89613700B72821 /* Products */;
			projectDirPath = "";
			projectRoot = "";
			targets = (
				CF2C77ED1C89613700B72821 /* ImagePickerProject */,
			);
		};
/* End PBXProject section */

/* Begin PBXResourcesBuildPhase section */
		CF2C77EC1C89613700B72821 /* Resources */ = {
			isa = PBXResourcesBuildPhase;
			buildActionMask = 2147483647;
			files = (
				CF467CCB1EC17454003F85F5 /* imagepick_unchecked.png in Resources */,
				CF467CAC1EC17306003F85F5 /* PhotoAlbumCell.xib in Resources */,
				CF467CB91EC17306003F85F5 /* PhotoThumbCell.xib in Resources */,
				CF467CC71EC17454003F85F5 /* back_white_arrow@3x.png in Resources */,
				CF467CCA1EC17454003F85F5 /* imagepick_camera.png in Resources */,
				CF2C77FC1C89613700B72821 /* LaunchScreen.storyboard in Resources */,
				CF467CC81EC17454003F85F5 /* default_pic.png in Resources */,
				CF2C77F91C89613700B72821 /* Assets.xcassets in Resources */,
				CF467CB01EC17306003F85F5 /* CameraPreviewCell.xib in Resources */,
				CF2C77F71C89613700B72821 /* Main.storyboard in Resources */,
				CF467CC91EC17454003F85F5 /* ic_down_arrow.png in Resources */,
				CF467CCC1EC17454003F85F5 /* imagepick_checked.png in Resources */,
			);
			runOnlyForDeploymentPostprocessing = 0;
		};
/* End PBXResourcesBuildPhase section */

/* Begin PBXShellScriptBuildPhase section */
		226264370DA4127C849AD525 /* [CP] Check Pods Manifest.lock */ = {
			isa = PBXShellScriptBuildPhase;
			buildActionMask = 2147483647;
			files = (
			);
			inputPaths = (
				"${PODS_PODFILE_DIR_PATH}/Podfile.lock",
				"${PODS_ROOT}/Manifest.lock",
			);
			name = "[CP] Check Pods Manifest.lock";
			outputPaths = (
				"$(DERIVED_FILE_DIR)/Pods-ImagePickerProject-checkManifestLockResult.txt",
			);
			runOnlyForDeploymentPostprocessing = 0;
			shellPath = /bin/sh;
			shellScript = "diff \"${PODS_PODFILE_DIR_PATH}/Podfile.lock\" \"${PODS_ROOT}/Manifest.lock\" > /dev/null\nif [ $? != 0 ] ; then\n    # print error to STDERR\n    echo \"error: The sandbox is not in sync with the Podfile.lock. Run 'pod install' or update your CocoaPods installation.\" >&2\n    exit 1\nfi\n# This output is used by Xcode 'outputs' to avoid re-running this script phase.\necho \"SUCCESS\" > \"${SCRIPT_OUTPUT_FILE_0}\"\n";
			showEnvVarsInLog = 0;
		};
		A996329BAC19C25F18D41370 /* [CP] Embed Pods Frameworks */ = {
			isa = PBXShellScriptBuildPhase;
			buildActionMask = 2147483647;
			files = (
			);
			inputPaths = (
				"${SRCROOT}/Pods/Target Support Files/Pods-ImagePickerProject/Pods-ImagePickerProject-frameworks.sh",
				"${BUILT_PRODUCTS_DIR}/SnapKit/SnapKit.framework",
			);
			name = "[CP] Embed Pods Frameworks";
			outputPaths = (
				"${TARGET_BUILD_DIR}/${FRAMEWORKS_FOLDER_PATH}/SnapKit.framework",
			);
			runOnlyForDeploymentPostprocessing = 0;
			shellPath = /bin/sh;
			shellScript = "\"${SRCROOT}/Pods/Target Support Files/Pods-ImagePickerProject/Pods-ImagePickerProject-frameworks.sh\"\n";
			showEnvVarsInLog = 0;
		};
		AF2F118616715325DDF2F2D2 /* [CP] Copy Pods Resources */ = {
			isa = PBXShellScriptBuildPhase;
			buildActionMask = 2147483647;
			files = (
			);
			inputPaths = (
			);
			name = "[CP] Copy Pods Resources";
			outputPaths = (
			);
			runOnlyForDeploymentPostprocessing = 0;
			shellPath = /bin/sh;
			shellScript = "\"${SRCROOT}/Pods/Target Support Files/Pods-ImagePickerProject/Pods-ImagePickerProject-resources.sh\"\n";
			showEnvVarsInLog = 0;
		};
/* End PBXShellScriptBuildPhase section */

/* Begin PBXSourcesBuildPhase section */
		CF2C77EA1C89613700B72821 /* Sources */ = {
			isa = PBXSourcesBuildPhase;
			buildActionMask = 2147483647;
			files = (
				CF467CBA1EC17306003F85F5 /* PhotoCollectionLiteCell.swift in Sources */,
				CF467CB41EC17306003F85F5 /* PhotoMaskView.swift in Sources */,
				CF467CD11EC17493003F85F5 /* PopViewHelper.swift in Sources */,
				CF467CB21EC17306003F85F5 /* CropImageScrollView.swift in Sources */,
				CF2C77F41C89613700B72821 /* ViewController.swift in Sources */,
				CF467CB61EC17306003F85F5 /* ImagePickerHelper.swift in Sources */,
				CF467CAD1EC17306003F85F5 /* PhotoAlbumView.swift in Sources */,
				CF467CB71EC17306003F85F5 /* PhotoColletionViewController.swift in Sources */,
				CF467CB81EC17306003F85F5 /* PhotoThumbCell.swift in Sources */,
				CF467CD01EC17493003F85F5 /* Extension.swift in Sources */,
				CF467CAF1EC17306003F85F5 /* CameraPreviewCell.swift in Sources */,
				CF467CB11EC17306003F85F5 /* CameraPreviewView.swift in Sources */,
				CF467CBE1EC17306003F85F5 /* PhotosManager.swift in Sources */,
				CF467CAB1EC17306003F85F5 /* PhotoAlbumCell.swift in Sources */,
				CF467CBC1EC17306003F85F5 /* WZPhotoBrowserLite.swift in Sources */,
				CF2C77F21C89613700B72821 /* AppDelegate.swift in Sources */,
				CF467CB31EC17306003F85F5 /* PhotoCropViewController.swift in Sources */,
				CF467CAE1EC17306003F85F5 /* CameraHelper.swift in Sources */,
				CF467CBB1EC17306003F85F5 /* PreviewPhotoViewController.swift in Sources */,
				CF467CBD1EC17306003F85F5 /* ZoomImageScrollViewLite.swift in Sources */,
			);
			runOnlyForDeploymentPostprocessing = 0;
		};
/* End PBXSourcesBuildPhase section */

/* Begin PBXVariantGroup section */
		CF2C77F51C89613700B72821 /* Main.storyboard */ = {
			isa = PBXVariantGroup;
			children = (
				CF2C77F61C89613700B72821 /* Base */,
			);
			name = Main.storyboard;
			sourceTree = "<group>";
		};
		CF2C77FA1C89613700B72821 /* LaunchScreen.storyboard */ = {
			isa = PBXVariantGroup;
			children = (
				CF2C77FB1C89613700B72821 /* Base */,
			);
			name = LaunchScreen.storyboard;
			sourceTree = "<group>";
		};
/* End PBXVariantGroup section */

/* Begin XCBuildConfiguration section */
		CF2C77FE1C89613700B72821 /* Debug */ = {
			isa = XCBuildConfiguration;
			buildSettings = {
				ALWAYS_SEARCH_USER_PATHS = NO;
				CLANG_CXX_LANGUAGE_STANDARD = "gnu++0x";
				CLANG_CXX_LIBRARY = "libc++";
				CLANG_ENABLE_MODULES = YES;
				CLANG_ENABLE_OBJC_ARC = YES;
				CLANG_WARN_BOOL_CONVERSION = YES;
				CLANG_WARN_CONSTANT_CONVERSION = YES;
				CLANG_WARN_DIRECT_OBJC_ISA_USAGE = YES_ERROR;
				CLANG_WARN_EMPTY_BODY = YES;
				CLANG_WARN_ENUM_CONVERSION = YES;
				CLANG_WARN_INT_CONVERSION = YES;
				CLANG_WARN_OBJC_ROOT_CLASS = YES_ERROR;
				CLANG_WARN_UNREACHABLE_CODE = YES;
				CLANG_WARN__DUPLICATE_METHOD_MATCH = YES;
				"CODE_SIGN_IDENTITY[sdk=iphoneos*]" = "iPhone Developer";
				COPY_PHASE_STRIP = NO;
				DEBUG_INFORMATION_FORMAT = dwarf;
				ENABLE_STRICT_OBJC_MSGSEND = YES;
				ENABLE_TESTABILITY = YES;
				GCC_C_LANGUAGE_STANDARD = gnu99;
				GCC_DYNAMIC_NO_PIC = NO;
				GCC_NO_COMMON_BLOCKS = YES;
				GCC_OPTIMIZATION_LEVEL = 0;
				GCC_PREPROCESSOR_DEFINITIONS = (
					"DEBUG=1",
					"$(inherited)",
				);
				GCC_WARN_64_TO_32_BIT_CONVERSION = YES;
				GCC_WARN_ABOUT_RETURN_TYPE = YES_ERROR;
				GCC_WARN_UNDECLARED_SELECTOR = YES;
				GCC_WARN_UNINITIALIZED_AUTOS = YES_AGGRESSIVE;
				GCC_WARN_UNUSED_FUNCTION = YES;
				GCC_WARN_UNUSED_VARIABLE = YES;
				IPHONEOS_DEPLOYMENT_TARGET = 9.2;
				MTL_ENABLE_DEBUG_INFO = YES;
				ONLY_ACTIVE_ARCH = YES;
				SDKROOT = iphoneos;
				SWIFT_OPTIMIZATION_LEVEL = "-Onone";
			};
			name = Debug;
		};
		CF2C77FF1C89613700B72821 /* Release */ = {
			isa = XCBuildConfiguration;
			buildSettings = {
				ALWAYS_SEARCH_USER_PATHS = NO;
				CLANG_CXX_LANGUAGE_STANDARD = "gnu++0x";
				CLANG_CXX_LIBRARY = "libc++";
				CLANG_ENABLE_MODULES = YES;
				CLANG_ENABLE_OBJC_ARC = YES;
				CLANG_WARN_BOOL_CONVERSION = YES;
				CLANG_WARN_CONSTANT_CONVERSION = YES;
				CLANG_WARN_DIRECT_OBJC_ISA_USAGE = YES_ERROR;
				CLANG_WARN_EMPTY_BODY = YES;
				CLANG_WARN_ENUM_CONVERSION = YES;
				CLANG_WARN_INT_CONVERSION = YES;
				CLANG_WARN_OBJC_ROOT_CLASS = YES_ERROR;
				CLANG_WARN_UNREACHABLE_CODE = YES;
				CLANG_WARN__DUPLICATE_METHOD_MATCH = YES;
				"CODE_SIGN_IDENTITY[sdk=iphoneos*]" = "iPhone Developer";
				COPY_PHASE_STRIP = NO;
				DEBUG_INFORMATION_FORMAT = "dwarf-with-dsym";
				ENABLE_NS_ASSERTIONS = NO;
				ENABLE_STRICT_OBJC_MSGSEND = YES;
				GCC_C_LANGUAGE_STANDARD = gnu99;
				GCC_NO_COMMON_BLOCKS = YES;
				GCC_WARN_64_TO_32_BIT_CONVERSION = YES;
				GCC_WARN_ABOUT_RETURN_TYPE = YES_ERROR;
				GCC_WARN_UNDECLARED_SELECTOR = YES;
				GCC_WARN_UNINITIALIZED_AUTOS = YES_AGGRESSIVE;
				GCC_WARN_UNUSED_FUNCTION = YES;
				GCC_WARN_UNUSED_VARIABLE = YES;
				IPHONEOS_DEPLOYMENT_TARGET = 9.2;
				MTL_ENABLE_DEBUG_INFO = NO;
				SDKROOT = iphoneos;
				VALIDATE_PRODUCT = YES;
			};
			name = Release;
		};
		CF2C78011C89613700B72821 /* Debug */ = {
			isa = XCBuildConfiguration;
			baseConfigurationReference = 30193EB4488311F7EE4A4CBB /* Pods-ImagePickerProject.debug.xcconfig */;
			buildSettings = {
				ASSETCATALOG_COMPILER_APPICON_NAME = AppIcon;
				CODE_SIGN_IDENTITY = "iPhone Developer";
				"CODE_SIGN_IDENTITY[sdk=iphoneos*]" = "iPhone Developer";
				DEVELOPMENT_TEAM = X7X6FZA4NY;
				INFOPLIST_FILE = ImagePickerProject/Info.plist;
				IPHONEOS_DEPLOYMENT_TARGET = 8.2;
				LD_RUNPATH_SEARCH_PATHS = "$(inherited) @executable_path/Frameworks";
				PRODUCT_BUNDLE_IDENTIFIER = fyn.ImagePickerProject;
				PRODUCT_NAME = "$(TARGET_NAME)";
				PROVISIONING_PROFILE = "";
				SWIFT_OBJC_BRIDGING_HEADER = "ImagePickerProject/SupportFile/ImagePickerProject-Bridging-Header.h";
				SWIFT_SWIFT3_OBJC_INFERENCE = Default;
				SWIFT_VERSION = 4.0;
			};
			name = Debug;
		};
		CF2C78021C89613700B72821 /* Release */ = {
			isa = XCBuildConfiguration;
			baseConfigurationReference = 95A5E52D98A73A4239134B4F /* Pods-ImagePickerProject.release.xcconfig */;
			buildSettings = {
				ASSETCATALOG_COMPILER_APPICON_NAME = AppIcon;
				CODE_SIGN_IDENTITY = "iPhone Developer";
				"CODE_SIGN_IDENTITY[sdk=iphoneos*]" = "iPhone Developer";
				DEVELOPMENT_TEAM = X7X6FZA4NY;
				INFOPLIST_FILE = ImagePickerProject/Info.plist;
				IPHONEOS_DEPLOYMENT_TARGET = 8.2;
				LD_RUNPATH_SEARCH_PATHS = "$(inherited) @executable_path/Frameworks";
				PRODUCT_BUNDLE_IDENTIFIER = fyn.ImagePickerProject;
				PRODUCT_NAME = "$(TARGET_NAME)";
				PROVISIONING_PROFILE = "";
				SWIFT_OBJC_BRIDGING_HEADER = "ImagePickerProject/SupportFile/ImagePickerProject-Bridging-Header.h";
				SWIFT_SWIFT3_OBJC_INFERENCE = Default;
				SWIFT_VERSION = 4.0;
			};
			name = Release;
		};
/* End XCBuildConfiguration section */

/* Begin XCConfigurationList section */
		CF2C77E91C89613700B72821 /* Build configuration list for PBXProject "ImagePickerProject" */ = {
			isa = XCConfigurationList;
			buildConfigurations = (
				CF2C77FE1C89613700B72821 /* Debug */,
				CF2C77FF1C89613700B72821 /* Release */,
			);
			defaultConfigurationIsVisible = 0;
			defaultConfigurationName = Release;
		};
		CF2C78001C89613700B72821 /* Build configuration list for PBXNativeTarget "ImagePickerProject" */ = {
			isa = XCConfigurationList;
			buildConfigurations = (
				CF2C78011C89613700B72821 /* Debug */,
				CF2C78021C89613700B72821 /* Release */,
			);
			defaultConfigurationIsVisible = 0;
			defaultConfigurationName = Release;
		};
/* End XCConfigurationList section */
	};
	rootObject = CF2C77E61C89613700B72821 /* Project object */;
}
