// !$*UTF8*$!
{
	archiveVersion = 1;
	classes = {
	};
	objectVersion = 46;
	objects = {

/* Begin PBXBuildFile section */
		CF2177561DFF92B8004E132F /* UIImage+extension.swift in Sources */ = {isa = PBXBuildFile; fileRef = CF2177551DFF92B8004E132F /* UIImage+extension.swift */; };
		CF2C77F21C89613700B72821 /* AppDelegate.swift in Sources */ = {isa = PBXBuildFile; fileRef = CF2C77F11C89613700B72821 /* AppDelegate.swift */; };
		CF2C77F41C89613700B72821 /* ViewController.swift in Sources */ = {isa = PBXBuildFile; fileRef = CF2C77F31C89613700B72821 /* ViewController.swift */; };
		CF2C77F71C89613700B72821 /* Main.storyboard in Resources */ = {isa = PBXBuildFile; fileRef = CF2C77F51C89613700B72821 /* Main.storyboard */; };
		CF2C77F91C89613700B72821 /* Assets.xcassets in Resources */ = {isa = PBXBuildFile; fileRef = CF2C77F81C89613700B72821 /* Assets.xcassets */; };
		CF2C77FC1C89613700B72821 /* LaunchScreen.storyboard in Resources */ = {isa = PBXBuildFile; fileRef = CF2C77FA1C89613700B72821 /* LaunchScreen.storyboard */; };
		CF2C802B1C8961B500B72821 /* NSData+ImageContentType.m in Sources */ = {isa = PBXBuildFile; fileRef = CF2C7C581C8961B500B72821 /* NSData+ImageContentType.m */; };
		CF2C802C1C8961B500B72821 /* SDImageCache.m in Sources */ = {isa = PBXBuildFile; fileRef = CF2C7C5A1C8961B500B72821 /* SDImageCache.m */; };
		CF2C802D1C8961B500B72821 /* SDWebImageCompat.m in Sources */ = {isa = PBXBuildFile; fileRef = CF2C7C5C1C8961B500B72821 /* SDWebImageCompat.m */; };
		CF2C802E1C8961B500B72821 /* SDWebImageDecoder.m in Sources */ = {isa = PBXBuildFile; fileRef = CF2C7C5E1C8961B500B72821 /* SDWebImageDecoder.m */; };
		CF2C802F1C8961B500B72821 /* SDWebImageDownloader.m in Sources */ = {isa = PBXBuildFile; fileRef = CF2C7C601C8961B500B72821 /* SDWebImageDownloader.m */; };
		CF2C80301C8961B500B72821 /* SDWebImageDownloaderOperation.m in Sources */ = {isa = PBXBuildFile; fileRef = CF2C7C621C8961B500B72821 /* SDWebImageDownloaderOperation.m */; };
		CF2C80311C8961B500B72821 /* SDWebImageManager.m in Sources */ = {isa = PBXBuildFile; fileRef = CF2C7C641C8961B500B72821 /* SDWebImageManager.m */; };
		CF2C80321C8961B500B72821 /* SDWebImagePrefetcher.m in Sources */ = {isa = PBXBuildFile; fileRef = CF2C7C671C8961B500B72821 /* SDWebImagePrefetcher.m */; };
		CF2C80331C8961B500B72821 /* UIButton+WebCache.m in Sources */ = {isa = PBXBuildFile; fileRef = CF2C7C691C8961B500B72821 /* UIButton+WebCache.m */; };
		CF2C80341C8961B500B72821 /* UIImage+GIF.m in Sources */ = {isa = PBXBuildFile; fileRef = CF2C7C6B1C8961B500B72821 /* UIImage+GIF.m */; };
		CF2C80351C8961B500B72821 /* UIImage+MultiFormat.m in Sources */ = {isa = PBXBuildFile; fileRef = CF2C7C6D1C8961B500B72821 /* UIImage+MultiFormat.m */; };
		CF2C80361C8961B500B72821 /* UIImageView+HighlightedWebCache.m in Sources */ = {isa = PBXBuildFile; fileRef = CF2C7C6F1C8961B500B72821 /* UIImageView+HighlightedWebCache.m */; };
		CF2C80371C8961B500B72821 /* UIImageView+WebCache.m in Sources */ = {isa = PBXBuildFile; fileRef = CF2C7C711C8961B500B72821 /* UIImageView+WebCache.m */; };
		CF2C80381C8961B500B72821 /* UIView+WebCacheOperation.m in Sources */ = {isa = PBXBuildFile; fileRef = CF2C7C731C8961B500B72821 /* UIView+WebCacheOperation.m */; };
		CF2C80471C8961B500B72821 /* MuColor.swift in Sources */ = {isa = PBXBuildFile; fileRef = CF2C7C851C8961B500B72821 /* MuColor.swift */; };
		CF2C804B1C8961B500B72821 /* MuView.swift in Sources */ = {isa = PBXBuildFile; fileRef = CF2C7C891C8961B500B72821 /* MuView.swift */; };
		CF2EAD821E8E090F00E867AB /* LICENSE in Resources */ = {isa = PBXBuildFile; fileRef = CF2EAD601E8E090F00E867AB /* LICENSE */; };
		CF2EAD831E8E090F00E867AB /* README.md in Sources */ = {isa = PBXBuildFile; fileRef = CF2EAD611E8E090F00E867AB /* README.md */; };
		CF2EAD841E8E090F00E867AB /* Constraint.swift in Sources */ = {isa = PBXBuildFile; fileRef = CF2EAD631E8E090F00E867AB /* Constraint.swift */; };
		CF2EAD851E8E090F00E867AB /* ConstraintAttributes.swift in Sources */ = {isa = PBXBuildFile; fileRef = CF2EAD641E8E090F00E867AB /* ConstraintAttributes.swift */; };
		CF2EAD861E8E090F00E867AB /* ConstraintConfig.swift in Sources */ = {isa = PBXBuildFile; fileRef = CF2EAD651E8E090F00E867AB /* ConstraintConfig.swift */; };
		CF2EAD871E8E090F00E867AB /* ConstraintConstantTarget.swift in Sources */ = {isa = PBXBuildFile; fileRef = CF2EAD661E8E090F00E867AB /* ConstraintConstantTarget.swift */; };
		CF2EAD881E8E090F00E867AB /* ConstraintDescription.swift in Sources */ = {isa = PBXBuildFile; fileRef = CF2EAD671E8E090F00E867AB /* ConstraintDescription.swift */; };
		CF2EAD891E8E090F00E867AB /* ConstraintDSL.swift in Sources */ = {isa = PBXBuildFile; fileRef = CF2EAD681E8E090F00E867AB /* ConstraintDSL.swift */; };
		CF2EAD8A1E8E090F00E867AB /* ConstraintInsets.swift in Sources */ = {isa = PBXBuildFile; fileRef = CF2EAD691E8E090F00E867AB /* ConstraintInsets.swift */; };
		CF2EAD8B1E8E090F00E867AB /* ConstraintInsetTarget.swift in Sources */ = {isa = PBXBuildFile; fileRef = CF2EAD6A1E8E090F00E867AB /* ConstraintInsetTarget.swift */; };
		CF2EAD8C1E8E090F00E867AB /* ConstraintItem.swift in Sources */ = {isa = PBXBuildFile; fileRef = CF2EAD6B1E8E090F00E867AB /* ConstraintItem.swift */; };
		CF2EAD8D1E8E090F00E867AB /* ConstraintLayoutGuide.swift in Sources */ = {isa = PBXBuildFile; fileRef = CF2EAD6C1E8E090F00E867AB /* ConstraintLayoutGuide.swift */; };
		CF2EAD8E1E8E090F00E867AB /* ConstraintLayoutGuideDSL.swift in Sources */ = {isa = PBXBuildFile; fileRef = CF2EAD6D1E8E090F00E867AB /* ConstraintLayoutGuideDSL.swift */; };
		CF2EAD8F1E8E090F00E867AB /* ConstraintLayoutSupport.swift in Sources */ = {isa = PBXBuildFile; fileRef = CF2EAD6E1E8E090F00E867AB /* ConstraintLayoutSupport.swift */; };
		CF2EAD901E8E090F00E867AB /* ConstraintLayoutSupportDSL.swift in Sources */ = {isa = PBXBuildFile; fileRef = CF2EAD6F1E8E090F00E867AB /* ConstraintLayoutSupportDSL.swift */; };
		CF2EAD911E8E090F00E867AB /* ConstraintMaker.swift in Sources */ = {isa = PBXBuildFile; fileRef = CF2EAD701E8E090F00E867AB /* ConstraintMaker.swift */; };
		CF2EAD921E8E090F00E867AB /* ConstraintMakerEditable.swift in Sources */ = {isa = PBXBuildFile; fileRef = CF2EAD711E8E090F00E867AB /* ConstraintMakerEditable.swift */; };
		CF2EAD931E8E090F00E867AB /* ConstraintMakerExtendable.swift in Sources */ = {isa = PBXBuildFile; fileRef = CF2EAD721E8E090F00E867AB /* ConstraintMakerExtendable.swift */; };
		CF2EAD941E8E090F00E867AB /* ConstraintMakerFinalizable.swift in Sources */ = {isa = PBXBuildFile; fileRef = CF2EAD731E8E090F00E867AB /* ConstraintMakerFinalizable.swift */; };
		CF2EAD951E8E090F00E867AB /* ConstraintMakerPriortizable.swift in Sources */ = {isa = PBXBuildFile; fileRef = CF2EAD741E8E090F00E867AB /* ConstraintMakerPriortizable.swift */; };
		CF2EAD961E8E090F00E867AB /* ConstraintMakerRelatable.swift in Sources */ = {isa = PBXBuildFile; fileRef = CF2EAD751E8E090F00E867AB /* ConstraintMakerRelatable.swift */; };
		CF2EAD971E8E090F00E867AB /* ConstraintMultiplierTarget.swift in Sources */ = {isa = PBXBuildFile; fileRef = CF2EAD761E8E090F00E867AB /* ConstraintMultiplierTarget.swift */; };
		CF2EAD981E8E090F00E867AB /* ConstraintOffsetTarget.swift in Sources */ = {isa = PBXBuildFile; fileRef = CF2EAD771E8E090F00E867AB /* ConstraintOffsetTarget.swift */; };
		CF2EAD991E8E090F00E867AB /* ConstraintPriorityTarget.swift in Sources */ = {isa = PBXBuildFile; fileRef = CF2EAD781E8E090F00E867AB /* ConstraintPriorityTarget.swift */; };
		CF2EAD9A1E8E090F00E867AB /* ConstraintRelatableTarget.swift in Sources */ = {isa = PBXBuildFile; fileRef = CF2EAD791E8E090F00E867AB /* ConstraintRelatableTarget.swift */; };
		CF2EAD9B1E8E090F00E867AB /* ConstraintRelation.swift in Sources */ = {isa = PBXBuildFile; fileRef = CF2EAD7A1E8E090F00E867AB /* ConstraintRelation.swift */; };
		CF2EAD9C1E8E090F00E867AB /* ConstraintView+Extensions.swift in Sources */ = {isa = PBXBuildFile; fileRef = CF2EAD7B1E8E090F00E867AB /* ConstraintView+Extensions.swift */; };
		CF2EAD9D1E8E090F00E867AB /* ConstraintView.swift in Sources */ = {isa = PBXBuildFile; fileRef = CF2EAD7C1E8E090F00E867AB /* ConstraintView.swift */; };
		CF2EAD9E1E8E090F00E867AB /* ConstraintViewDSL.swift in Sources */ = {isa = PBXBuildFile; fileRef = CF2EAD7D1E8E090F00E867AB /* ConstraintViewDSL.swift */; };
		CF2EAD9F1E8E090F00E867AB /* Debugging.swift in Sources */ = {isa = PBXBuildFile; fileRef = CF2EAD7E1E8E090F00E867AB /* Debugging.swift */; };
		CF2EADA01E8E090F00E867AB /* LayoutConstraint.swift in Sources */ = {isa = PBXBuildFile; fileRef = CF2EAD7F1E8E090F00E867AB /* LayoutConstraint.swift */; };
		CF2EADA11E8E090F00E867AB /* UILayoutGuide+Extensions.swift in Sources */ = {isa = PBXBuildFile; fileRef = CF2EAD801E8E090F00E867AB /* UILayoutGuide+Extensions.swift */; };
		CF2EADA21E8E090F00E867AB /* UILayoutSupport+Extensions.swift in Sources */ = {isa = PBXBuildFile; fileRef = CF2EAD811E8E090F00E867AB /* UILayoutSupport+Extensions.swift */; };
		CF5F189A1DC86DFD005D1D04 /* Utility.swift in Sources */ = {isa = PBXBuildFile; fileRef = CF5F18991DC86DFD005D1D04 /* Utility.swift */; };
		CFDC2D621E8E0E6100097F4C /* PhotoAlbumCell.swift in Sources */ = {isa = PBXBuildFile; fileRef = CFDC2D4A1E8E0E6100097F4C /* PhotoAlbumCell.swift */; };
		CFDC2D631E8E0E6100097F4C /* PhotoAlbumCell.xib in Resources */ = {isa = PBXBuildFile; fileRef = CFDC2D4B1E8E0E6100097F4C /* PhotoAlbumCell.xib */; };
		CFDC2D641E8E0E6100097F4C /* PhotoAlbumView.swift in Sources */ = {isa = PBXBuildFile; fileRef = CFDC2D4C1E8E0E6100097F4C /* PhotoAlbumView.swift */; };
		CFDC2D651E8E0E6100097F4C /* CameraHelper.swift in Sources */ = {isa = PBXBuildFile; fileRef = CFDC2D4E1E8E0E6100097F4C /* CameraHelper.swift */; };
		CFDC2D661E8E0E6100097F4C /* CameraPreviewCell.swift in Sources */ = {isa = PBXBuildFile; fileRef = CFDC2D4F1E8E0E6100097F4C /* CameraPreviewCell.swift */; };
		CFDC2D671E8E0E6100097F4C /* CameraPreviewCell.xib in Resources */ = {isa = PBXBuildFile; fileRef = CFDC2D501E8E0E6100097F4C /* CameraPreviewCell.xib */; };
		CFDC2D681E8E0E6100097F4C /* CameraPreviewView.swift in Sources */ = {isa = PBXBuildFile; fileRef = CFDC2D511E8E0E6100097F4C /* CameraPreviewView.swift */; };
		CFDC2D691E8E0E6100097F4C /* CropImageScrollView.swift in Sources */ = {isa = PBXBuildFile; fileRef = CFDC2D531E8E0E6100097F4C /* CropImageScrollView.swift */; };
		CFDC2D6A1E8E0E6100097F4C /* PhotoCropViewController.swift in Sources */ = {isa = PBXBuildFile; fileRef = CFDC2D541E8E0E6100097F4C /* PhotoCropViewController.swift */; };
		CFDC2D6B1E8E0E6100097F4C /* PhotoMaskView.swift in Sources */ = {isa = PBXBuildFile; fileRef = CFDC2D551E8E0E6100097F4C /* PhotoMaskView.swift */; };
		CFDC2D6C1E8E0E6100097F4C /* ImagePickerHelper.swift in Sources */ = {isa = PBXBuildFile; fileRef = CFDC2D561E8E0E6100097F4C /* ImagePickerHelper.swift */; };
		CFDC2D6D1E8E0E6100097F4C /* PhotoColletionViewController.swift in Sources */ = {isa = PBXBuildFile; fileRef = CFDC2D581E8E0E6100097F4C /* PhotoColletionViewController.swift */; };
		CFDC2D6E1E8E0E6100097F4C /* PhotoThumbCell.swift in Sources */ = {isa = PBXBuildFile; fileRef = CFDC2D591E8E0E6100097F4C /* PhotoThumbCell.swift */; };
		CFDC2D6F1E8E0E6100097F4C /* PhotoThumbCell.xib in Resources */ = {isa = PBXBuildFile; fileRef = CFDC2D5A1E8E0E6100097F4C /* PhotoThumbCell.xib */; };
		CFDC2D701E8E0E6100097F4C /* PhotoCollectionLiteCell.swift in Sources */ = {isa = PBXBuildFile; fileRef = CFDC2D5C1E8E0E6100097F4C /* PhotoCollectionLiteCell.swift */; };
		CFDC2D711E8E0E6100097F4C /* PreviewPhotoViewController.swift in Sources */ = {isa = PBXBuildFile; fileRef = CFDC2D5D1E8E0E6100097F4C /* PreviewPhotoViewController.swift */; };
		CFDC2D721E8E0E6100097F4C /* WZPhotoBrowserLite.swift in Sources */ = {isa = PBXBuildFile; fileRef = CFDC2D5E1E8E0E6100097F4C /* WZPhotoBrowserLite.swift */; };
		CFDC2D731E8E0E6100097F4C /* ZoomImageScrollViewLite.swift in Sources */ = {isa = PBXBuildFile; fileRef = CFDC2D5F1E8E0E6100097F4C /* ZoomImageScrollViewLite.swift */; };
		CFDC2D741E8E0E6100097F4C /* PhotosManager.swift in Sources */ = {isa = PBXBuildFile; fileRef = CFDC2D601E8E0E6100097F4C /* PhotosManager.swift */; };
		CFDC2D751E8E0E6100097F4C /* PopViewHelper.swift in Sources */ = {isa = PBXBuildFile; fileRef = CFDC2D611E8E0E6100097F4C /* PopViewHelper.swift */; };
/* End PBXBuildFile section */

/* Begin PBXFileReference section */
		CF2177551DFF92B8004E132F /* UIImage+extension.swift */ = {isa = PBXFileReference; fileEncoding = 4; lastKnownFileType = sourcecode.swift; path = "UIImage+extension.swift"; sourceTree = "<group>"; };
		CF2C77EE1C89613700B72821 /* ImagePickerProject.app */ = {isa = PBXFileReference; explicitFileType = wrapper.application; includeInIndex = 0; path = ImagePickerProject.app; sourceTree = BUILT_PRODUCTS_DIR; };
		CF2C77F11C89613700B72821 /* AppDelegate.swift */ = {isa = PBXFileReference; lastKnownFileType = sourcecode.swift; path = AppDelegate.swift; sourceTree = "<group>"; };
		CF2C77F31C89613700B72821 /* ViewController.swift */ = {isa = PBXFileReference; lastKnownFileType = sourcecode.swift; path = ViewController.swift; sourceTree = "<group>"; };
		CF2C77F61C89613700B72821 /* Base */ = {isa = PBXFileReference; lastKnownFileType = file.storyboard; name = Base; path = Base.lproj/Main.storyboard; sourceTree = "<group>"; };
		CF2C77F81C89613700B72821 /* Assets.xcassets */ = {isa = PBXFileReference; lastKnownFileType = folder.assetcatalog; path = Assets.xcassets; sourceTree = "<group>"; };
		CF2C77FB1C89613700B72821 /* Base */ = {isa = PBXFileReference; lastKnownFileType = file.storyboard; name = Base; path = Base.lproj/LaunchScreen.storyboard; sourceTree = "<group>"; };
		CF2C77FD1C89613700B72821 /* Info.plist */ = {isa = PBXFileReference; lastKnownFileType = text.plist.xml; path = Info.plist; sourceTree = "<group>"; };
		CF2C7C571C8961B500B72821 /* NSData+ImageContentType.h */ = {isa = PBXFileReference; fileEncoding = 4; lastKnownFileType = sourcecode.c.h; path = "NSData+ImageContentType.h"; sourceTree = "<group>"; };
		CF2C7C581C8961B500B72821 /* NSData+ImageContentType.m */ = {isa = PBXFileReference; fileEncoding = 4; lastKnownFileType = sourcecode.c.objc; path = "NSData+ImageContentType.m"; sourceTree = "<group>"; };
		CF2C7C591C8961B500B72821 /* SDImageCache.h */ = {isa = PBXFileReference; fileEncoding = 4; lastKnownFileType = sourcecode.c.h; path = SDImageCache.h; sourceTree = "<group>"; };
		CF2C7C5A1C8961B500B72821 /* SDImageCache.m */ = {isa = PBXFileReference; fileEncoding = 4; lastKnownFileType = sourcecode.c.objc; path = SDImageCache.m; sourceTree = "<group>"; };
		CF2C7C5B1C8961B500B72821 /* SDWebImageCompat.h */ = {isa = PBXFileReference; fileEncoding = 4; lastKnownFileType = sourcecode.c.h; path = SDWebImageCompat.h; sourceTree = "<group>"; };
		CF2C7C5C1C8961B500B72821 /* SDWebImageCompat.m */ = {isa = PBXFileReference; fileEncoding = 4; lastKnownFileType = sourcecode.c.objc; path = SDWebImageCompat.m; sourceTree = "<group>"; };
		CF2C7C5D1C8961B500B72821 /* SDWebImageDecoder.h */ = {isa = PBXFileReference; fileEncoding = 4; lastKnownFileType = sourcecode.c.h; path = SDWebImageDecoder.h; sourceTree = "<group>"; };
		CF2C7C5E1C8961B500B72821 /* SDWebImageDecoder.m */ = {isa = PBXFileReference; fileEncoding = 4; lastKnownFileType = sourcecode.c.objc; path = SDWebImageDecoder.m; sourceTree = "<group>"; };
		CF2C7C5F1C8961B500B72821 /* SDWebImageDownloader.h */ = {isa = PBXFileReference; fileEncoding = 4; lastKnownFileType = sourcecode.c.h; path = SDWebImageDownloader.h; sourceTree = "<group>"; };
		CF2C7C601C8961B500B72821 /* SDWebImageDownloader.m */ = {isa = PBXFileReference; fileEncoding = 4; lastKnownFileType = sourcecode.c.objc; path = SDWebImageDownloader.m; sourceTree = "<group>"; };
		CF2C7C611C8961B500B72821 /* SDWebImageDownloaderOperation.h */ = {isa = PBXFileReference; fileEncoding = 4; lastKnownFileType = sourcecode.c.h; path = SDWebImageDownloaderOperation.h; sourceTree = "<group>"; };
		CF2C7C621C8961B500B72821 /* SDWebImageDownloaderOperation.m */ = {isa = PBXFileReference; fileEncoding = 4; lastKnownFileType = sourcecode.c.objc; path = SDWebImageDownloaderOperation.m; sourceTree = "<group>"; };
		CF2C7C631C8961B500B72821 /* SDWebImageManager.h */ = {isa = PBXFileReference; fileEncoding = 4; lastKnownFileType = sourcecode.c.h; path = SDWebImageManager.h; sourceTree = "<group>"; };
		CF2C7C641C8961B500B72821 /* SDWebImageManager.m */ = {isa = PBXFileReference; fileEncoding = 4; lastKnownFileType = sourcecode.c.objc; path = SDWebImageManager.m; sourceTree = "<group>"; };
		CF2C7C651C8961B500B72821 /* SDWebImageOperation.h */ = {isa = PBXFileReference; fileEncoding = 4; lastKnownFileType = sourcecode.c.h; path = SDWebImageOperation.h; sourceTree = "<group>"; };
		CF2C7C661C8961B500B72821 /* SDWebImagePrefetcher.h */ = {isa = PBXFileReference; fileEncoding = 4; lastKnownFileType = sourcecode.c.h; path = SDWebImagePrefetcher.h; sourceTree = "<group>"; };
		CF2C7C671C8961B500B72821 /* SDWebImagePrefetcher.m */ = {isa = PBXFileReference; fileEncoding = 4; lastKnownFileType = sourcecode.c.objc; path = SDWebImagePrefetcher.m; sourceTree = "<group>"; };
		CF2C7C681C8961B500B72821 /* UIButton+WebCache.h */ = {isa = PBXFileReference; fileEncoding = 4; lastKnownFileType = sourcecode.c.h; path = "UIButton+WebCache.h"; sourceTree = "<group>"; };
		CF2C7C691C8961B500B72821 /* UIButton+WebCache.m */ = {isa = PBXFileReference; fileEncoding = 4; lastKnownFileType = sourcecode.c.objc; path = "UIButton+WebCache.m"; sourceTree = "<group>"; };
		CF2C7C6A1C8961B500B72821 /* UIImage+GIF.h */ = {isa = PBXFileReference; fileEncoding = 4; lastKnownFileType = sourcecode.c.h; path = "UIImage+GIF.h"; sourceTree = "<group>"; };
		CF2C7C6B1C8961B500B72821 /* UIImage+GIF.m */ = {isa = PBXFileReference; fileEncoding = 4; lastKnownFileType = sourcecode.c.objc; path = "UIImage+GIF.m"; sourceTree = "<group>"; };
		CF2C7C6C1C8961B500B72821 /* UIImage+MultiFormat.h */ = {isa = PBXFileReference; fileEncoding = 4; lastKnownFileType = sourcecode.c.h; path = "UIImage+MultiFormat.h"; sourceTree = "<group>"; };
		CF2C7C6D1C8961B500B72821 /* UIImage+MultiFormat.m */ = {isa = PBXFileReference; fileEncoding = 4; lastKnownFileType = sourcecode.c.objc; path = "UIImage+MultiFormat.m"; sourceTree = "<group>"; };
		CF2C7C6E1C8961B500B72821 /* UIImageView+HighlightedWebCache.h */ = {isa = PBXFileReference; fileEncoding = 4; lastKnownFileType = sourcecode.c.h; path = "UIImageView+HighlightedWebCache.h"; sourceTree = "<group>"; };
		CF2C7C6F1C8961B500B72821 /* UIImageView+HighlightedWebCache.m */ = {isa = PBXFileReference; fileEncoding = 4; lastKnownFileType = sourcecode.c.objc; path = "UIImageView+HighlightedWebCache.m"; sourceTree = "<group>"; };
		CF2C7C701C8961B500B72821 /* UIImageView+WebCache.h */ = {isa = PBXFileReference; fileEncoding = 4; lastKnownFileType = sourcecode.c.h; path = "UIImageView+WebCache.h"; sourceTree = "<group>"; };
		CF2C7C711C8961B500B72821 /* UIImageView+WebCache.m */ = {isa = PBXFileReference; fileEncoding = 4; lastKnownFileType = sourcecode.c.objc; path = "UIImageView+WebCache.m"; sourceTree = "<group>"; };
		CF2C7C721C8961B500B72821 /* UIView+WebCacheOperation.h */ = {isa = PBXFileReference; fileEncoding = 4; lastKnownFileType = sourcecode.c.h; path = "UIView+WebCacheOperation.h"; sourceTree = "<group>"; };
		CF2C7C731C8961B500B72821 /* UIView+WebCacheOperation.m */ = {isa = PBXFileReference; fileEncoding = 4; lastKnownFileType = sourcecode.c.objc; path = "UIView+WebCacheOperation.m"; sourceTree = "<group>"; };
		CF2C7C851C8961B500B72821 /* MuColor.swift */ = {isa = PBXFileReference; fileEncoding = 4; lastKnownFileType = sourcecode.swift; path = MuColor.swift; sourceTree = "<group>"; };
		CF2C7C891C8961B500B72821 /* MuView.swift */ = {isa = PBXFileReference; fileEncoding = 4; lastKnownFileType = sourcecode.swift; path = MuView.swift; sourceTree = "<group>"; };
		CF2C7C8B1C8961B500B72821 /* ImagePickerProject-Bridging-Header.h */ = {isa = PBXFileReference; fileEncoding = 4; lastKnownFileType = sourcecode.c.h; path = "ImagePickerProject-Bridging-Header.h"; sourceTree = "<group>"; };
		CF2EAD601E8E090F00E867AB /* LICENSE */ = {isa = PBXFileReference; fileEncoding = 4; lastKnownFileType = text; path = LICENSE; sourceTree = "<group>"; };
		CF2EAD611E8E090F00E867AB /* README.md */ = {isa = PBXFileReference; fileEncoding = 4; lastKnownFileType = net.daringfireball.markdown; path = README.md; sourceTree = "<group>"; };
		CF2EAD631E8E090F00E867AB /* Constraint.swift */ = {isa = PBXFileReference; fileEncoding = 4; lastKnownFileType = sourcecode.swift; path = Constraint.swift; sourceTree = "<group>"; };
		CF2EAD641E8E090F00E867AB /* ConstraintAttributes.swift */ = {isa = PBXFileReference; fileEncoding = 4; lastKnownFileType = sourcecode.swift; path = ConstraintAttributes.swift; sourceTree = "<group>"; };
		CF2EAD651E8E090F00E867AB /* ConstraintConfig.swift */ = {isa = PBXFileReference; fileEncoding = 4; lastKnownFileType = sourcecode.swift; path = ConstraintConfig.swift; sourceTree = "<group>"; };
		CF2EAD661E8E090F00E867AB /* ConstraintConstantTarget.swift */ = {isa = PBXFileReference; fileEncoding = 4; lastKnownFileType = sourcecode.swift; path = ConstraintConstantTarget.swift; sourceTree = "<group>"; };
		CF2EAD671E8E090F00E867AB /* ConstraintDescription.swift */ = {isa = PBXFileReference; fileEncoding = 4; lastKnownFileType = sourcecode.swift; path = ConstraintDescription.swift; sourceTree = "<group>"; };
		CF2EAD681E8E090F00E867AB /* ConstraintDSL.swift */ = {isa = PBXFileReference; fileEncoding = 4; lastKnownFileType = sourcecode.swift; path = ConstraintDSL.swift; sourceTree = "<group>"; };
		CF2EAD691E8E090F00E867AB /* ConstraintInsets.swift */ = {isa = PBXFileReference; fileEncoding = 4; lastKnownFileType = sourcecode.swift; path = ConstraintInsets.swift; sourceTree = "<group>"; };
		CF2EAD6A1E8E090F00E867AB /* ConstraintInsetTarget.swift */ = {isa = PBXFileReference; fileEncoding = 4; lastKnownFileType = sourcecode.swift; path = ConstraintInsetTarget.swift; sourceTree = "<group>"; };
		CF2EAD6B1E8E090F00E867AB /* ConstraintItem.swift */ = {isa = PBXFileReference; fileEncoding = 4; lastKnownFileType = sourcecode.swift; path = ConstraintItem.swift; sourceTree = "<group>"; };
		CF2EAD6C1E8E090F00E867AB /* ConstraintLayoutGuide.swift */ = {isa = PBXFileReference; fileEncoding = 4; lastKnownFileType = sourcecode.swift; path = ConstraintLayoutGuide.swift; sourceTree = "<group>"; };
		CF2EAD6D1E8E090F00E867AB /* ConstraintLayoutGuideDSL.swift */ = {isa = PBXFileReference; fileEncoding = 4; lastKnownFileType = sourcecode.swift; path = ConstraintLayoutGuideDSL.swift; sourceTree = "<group>"; };
		CF2EAD6E1E8E090F00E867AB /* ConstraintLayoutSupport.swift */ = {isa = PBXFileReference; fileEncoding = 4; lastKnownFileType = sourcecode.swift; path = ConstraintLayoutSupport.swift; sourceTree = "<group>"; };
		CF2EAD6F1E8E090F00E867AB /* ConstraintLayoutSupportDSL.swift */ = {isa = PBXFileReference; fileEncoding = 4; lastKnownFileType = sourcecode.swift; path = ConstraintLayoutSupportDSL.swift; sourceTree = "<group>"; };
		CF2EAD701E8E090F00E867AB /* ConstraintMaker.swift */ = {isa = PBXFileReference; fileEncoding = 4; lastKnownFileType = sourcecode.swift; path = ConstraintMaker.swift; sourceTree = "<group>"; };
		CF2EAD711E8E090F00E867AB /* ConstraintMakerEditable.swift */ = {isa = PBXFileReference; fileEncoding = 4; lastKnownFileType = sourcecode.swift; path = ConstraintMakerEditable.swift; sourceTree = "<group>"; };
		CF2EAD721E8E090F00E867AB /* ConstraintMakerExtendable.swift */ = {isa = PBXFileReference; fileEncoding = 4; lastKnownFileType = sourcecode.swift; path = ConstraintMakerExtendable.swift; sourceTree = "<group>"; };
		CF2EAD731E8E090F00E867AB /* ConstraintMakerFinalizable.swift */ = {isa = PBXFileReference; fileEncoding = 4; lastKnownFileType = sourcecode.swift; path = ConstraintMakerFinalizable.swift; sourceTree = "<group>"; };
		CF2EAD741E8E090F00E867AB /* ConstraintMakerPriortizable.swift */ = {isa = PBXFileReference; fileEncoding = 4; lastKnownFileType = sourcecode.swift; path = ConstraintMakerPriortizable.swift; sourceTree = "<group>"; };
		CF2EAD751E8E090F00E867AB /* ConstraintMakerRelatable.swift */ = {isa = PBXFileReference; fileEncoding = 4; lastKnownFileType = sourcecode.swift; path = ConstraintMakerRelatable.swift; sourceTree = "<group>"; };
		CF2EAD761E8E090F00E867AB /* ConstraintMultiplierTarget.swift */ = {isa = PBXFileReference; fileEncoding = 4; lastKnownFileType = sourcecode.swift; path = ConstraintMultiplierTarget.swift; sourceTree = "<group>"; };
		CF2EAD771E8E090F00E867AB /* ConstraintOffsetTarget.swift */ = {isa = PBXFileReference; fileEncoding = 4; lastKnownFileType = sourcecode.swift; path = ConstraintOffsetTarget.swift; sourceTree = "<group>"; };
		CF2EAD781E8E090F00E867AB /* ConstraintPriorityTarget.swift */ = {isa = PBXFileReference; fileEncoding = 4; lastKnownFileType = sourcecode.swift; path = ConstraintPriorityTarget.swift; sourceTree = "<group>"; };
		CF2EAD791E8E090F00E867AB /* ConstraintRelatableTarget.swift */ = {isa = PBXFileReference; fileEncoding = 4; lastKnownFileType = sourcecode.swift; path = ConstraintRelatableTarget.swift; sourceTree = "<group>"; };
		CF2EAD7A1E8E090F00E867AB /* ConstraintRelation.swift */ = {isa = PBXFileReference; fileEncoding = 4; lastKnownFileType = sourcecode.swift; path = ConstraintRelation.swift; sourceTree = "<group>"; };
		CF2EAD7B1E8E090F00E867AB /* ConstraintView+Extensions.swift */ = {isa = PBXFileReference; fileEncoding = 4; lastKnownFileType = sourcecode.swift; path = "ConstraintView+Extensions.swift"; sourceTree = "<group>"; };
		CF2EAD7C1E8E090F00E867AB /* ConstraintView.swift */ = {isa = PBXFileReference; fileEncoding = 4; lastKnownFileType = sourcecode.swift; path = ConstraintView.swift; sourceTree = "<group>"; };
		CF2EAD7D1E8E090F00E867AB /* ConstraintViewDSL.swift */ = {isa = PBXFileReference; fileEncoding = 4; lastKnownFileType = sourcecode.swift; path = ConstraintViewDSL.swift; sourceTree = "<group>"; };
		CF2EAD7E1E8E090F00E867AB /* Debugging.swift */ = {isa = PBXFileReference; fileEncoding = 4; lastKnownFileType = sourcecode.swift; path = Debugging.swift; sourceTree = "<group>"; };
		CF2EAD7F1E8E090F00E867AB /* LayoutConstraint.swift */ = {isa = PBXFileReference; fileEncoding = 4; lastKnownFileType = sourcecode.swift; path = LayoutConstraint.swift; sourceTree = "<group>"; };
		CF2EAD801E8E090F00E867AB /* UILayoutGuide+Extensions.swift */ = {isa = PBXFileReference; fileEncoding = 4; lastKnownFileType = sourcecode.swift; path = "UILayoutGuide+Extensions.swift"; sourceTree = "<group>"; };
		CF2EAD811E8E090F00E867AB /* UILayoutSupport+Extensions.swift */ = {isa = PBXFileReference; fileEncoding = 4; lastKnownFileType = sourcecode.swift; path = "UILayoutSupport+Extensions.swift"; sourceTree = "<group>"; };
		CF5F18991DC86DFD005D1D04 /* Utility.swift */ = {isa = PBXFileReference; fileEncoding = 4; lastKnownFileType = sourcecode.swift; path = Utility.swift; sourceTree = "<group>"; };
		CFDC2D4A1E8E0E6100097F4C /* PhotoAlbumCell.swift */ = {isa = PBXFileReference; fileEncoding = 4; lastKnownFileType = sourcecode.swift; path = PhotoAlbumCell.swift; sourceTree = "<group>"; };
		CFDC2D4B1E8E0E6100097F4C /* PhotoAlbumCell.xib */ = {isa = PBXFileReference; fileEncoding = 4; lastKnownFileType = file.xib; path = PhotoAlbumCell.xib; sourceTree = "<group>"; };
		CFDC2D4C1E8E0E6100097F4C /* PhotoAlbumView.swift */ = {isa = PBXFileReference; fileEncoding = 4; lastKnownFileType = sourcecode.swift; path = PhotoAlbumView.swift; sourceTree = "<group>"; };
		CFDC2D4E1E8E0E6100097F4C /* CameraHelper.swift */ = {isa = PBXFileReference; fileEncoding = 4; lastKnownFileType = sourcecode.swift; path = CameraHelper.swift; sourceTree = "<group>"; };
		CFDC2D4F1E8E0E6100097F4C /* CameraPreviewCell.swift */ = {isa = PBXFileReference; fileEncoding = 4; lastKnownFileType = sourcecode.swift; path = CameraPreviewCell.swift; sourceTree = "<group>"; };
		CFDC2D501E8E0E6100097F4C /* CameraPreviewCell.xib */ = {isa = PBXFileReference; fileEncoding = 4; lastKnownFileType = file.xib; path = CameraPreviewCell.xib; sourceTree = "<group>"; };
		CFDC2D511E8E0E6100097F4C /* CameraPreviewView.swift */ = {isa = PBXFileReference; fileEncoding = 4; lastKnownFileType = sourcecode.swift; path = CameraPreviewView.swift; sourceTree = "<group>"; };
		CFDC2D531E8E0E6100097F4C /* CropImageScrollView.swift */ = {isa = PBXFileReference; fileEncoding = 4; lastKnownFileType = sourcecode.swift; path = CropImageScrollView.swift; sourceTree = "<group>"; };
		CFDC2D541E8E0E6100097F4C /* PhotoCropViewController.swift */ = {isa = PBXFileReference; fileEncoding = 4; lastKnownFileType = sourcecode.swift; path = PhotoCropViewController.swift; sourceTree = "<group>"; };
		CFDC2D551E8E0E6100097F4C /* PhotoMaskView.swift */ = {isa = PBXFileReference; fileEncoding = 4; lastKnownFileType = sourcecode.swift; path = PhotoMaskView.swift; sourceTree = "<group>"; };
		CFDC2D561E8E0E6100097F4C /* ImagePickerHelper.swift */ = {isa = PBXFileReference; fileEncoding = 4; lastKnownFileType = sourcecode.swift; path = ImagePickerHelper.swift; sourceTree = "<group>"; };
		CFDC2D581E8E0E6100097F4C /* PhotoColletionViewController.swift */ = {isa = PBXFileReference; fileEncoding = 4; lastKnownFileType = sourcecode.swift; path = PhotoColletionViewController.swift; sourceTree = "<group>"; };
		CFDC2D591E8E0E6100097F4C /* PhotoThumbCell.swift */ = {isa = PBXFileReference; fileEncoding = 4; lastKnownFileType = sourcecode.swift; path = PhotoThumbCell.swift; sourceTree = "<group>"; };
		CFDC2D5A1E8E0E6100097F4C /* PhotoThumbCell.xib */ = {isa = PBXFileReference; fileEncoding = 4; lastKnownFileType = file.xib; path = PhotoThumbCell.xib; sourceTree = "<group>"; };
		CFDC2D5C1E8E0E6100097F4C /* PhotoCollectionLiteCell.swift */ = {isa = PBXFileReference; fileEncoding = 4; lastKnownFileType = sourcecode.swift; path = PhotoCollectionLiteCell.swift; sourceTree = "<group>"; };
		CFDC2D5D1E8E0E6100097F4C /* PreviewPhotoViewController.swift */ = {isa = PBXFileReference; fileEncoding = 4; lastKnownFileType = sourcecode.swift; path = PreviewPhotoViewController.swift; sourceTree = "<group>"; };
		CFDC2D5E1E8E0E6100097F4C /* WZPhotoBrowserLite.swift */ = {isa = PBXFileReference; fileEncoding = 4; lastKnownFileType = sourcecode.swift; path = WZPhotoBrowserLite.swift; sourceTree = "<group>"; };
		CFDC2D5F1E8E0E6100097F4C /* ZoomImageScrollViewLite.swift */ = {isa = PBXFileReference; fileEncoding = 4; lastKnownFileType = sourcecode.swift; path = ZoomImageScrollViewLite.swift; sourceTree = "<group>"; };
		CFDC2D601E8E0E6100097F4C /* PhotosManager.swift */ = {isa = PBXFileReference; fileEncoding = 4; lastKnownFileType = sourcecode.swift; path = PhotosManager.swift; sourceTree = "<group>"; };
		CFDC2D611E8E0E6100097F4C /* PopViewHelper.swift */ = {isa = PBXFileReference; fileEncoding = 4; lastKnownFileType = sourcecode.swift; path = PopViewHelper.swift; sourceTree = "<group>"; };
/* End PBXFileReference section */

/* Begin PBXFrameworksBuildPhase section */
		CF2C77EB1C89613700B72821 /* Frameworks */ = {
			isa = PBXFrameworksBuildPhase;
			buildActionMask = 2147483647;
			files = (
			);
			runOnlyForDeploymentPostprocessing = 0;
		};
/* End PBXFrameworksBuildPhase section */

/* Begin PBXGroup section */
		CF2C77E51C89613700B72821 = {
			isa = PBXGroup;
			children = (
				CF2C77F01C89613700B72821 /* ImagePickerProject */,
				CF2C77EF1C89613700B72821 /* Products */,
			);
			sourceTree = "<group>";
		};
		CF2C77EF1C89613700B72821 /* Products */ = {
			isa = PBXGroup;
			children = (
				CF2C77EE1C89613700B72821 /* ImagePickerProject.app */,
			);
			name = Products;
			sourceTree = "<group>";
		};
		CF2C77F01C89613700B72821 /* ImagePickerProject */ = {
			isa = PBXGroup;
			children = (
				CFDC2D481E8E0E6100097F4C /* ImagePicker */,
				CF2C7C561C8961B500B72821 /* SDWebImage */,
				CF2EAD5F1E8E090F00E867AB /* SnapKit */,
				CF2C7C841C8961B500B72821 /* SupportFile */,
				CF2C77F11C89613700B72821 /* AppDelegate.swift */,
				CF2C77F31C89613700B72821 /* ViewController.swift */,
				CF2C77F51C89613700B72821 /* Main.storyboard */,
				CF2C77F81C89613700B72821 /* Assets.xcassets */,
				CF2C77FA1C89613700B72821 /* LaunchScreen.storyboard */,
				CF2C77FD1C89613700B72821 /* Info.plist */,
			);
			path = ImagePickerProject;
			sourceTree = "<group>";
		};
		CF2C7C561C8961B500B72821 /* SDWebImage */ = {
			isa = PBXGroup;
			children = (
				CF2C7C571C8961B500B72821 /* NSData+ImageContentType.h */,
				CF2C7C581C8961B500B72821 /* NSData+ImageContentType.m */,
				CF2C7C591C8961B500B72821 /* SDImageCache.h */,
				CF2C7C5A1C8961B500B72821 /* SDImageCache.m */,
				CF2C7C5B1C8961B500B72821 /* SDWebImageCompat.h */,
				CF2C7C5C1C8961B500B72821 /* SDWebImageCompat.m */,
				CF2C7C5D1C8961B500B72821 /* SDWebImageDecoder.h */,
				CF2C7C5E1C8961B500B72821 /* SDWebImageDecoder.m */,
				CF2C7C5F1C8961B500B72821 /* SDWebImageDownloader.h */,
				CF2C7C601C8961B500B72821 /* SDWebImageDownloader.m */,
				CF2C7C611C8961B500B72821 /* SDWebImageDownloaderOperation.h */,
				CF2C7C621C8961B500B72821 /* SDWebImageDownloaderOperation.m */,
				CF2C7C631C8961B500B72821 /* SDWebImageManager.h */,
				CF2C7C641C8961B500B72821 /* SDWebImageManager.m */,
				CF2C7C651C8961B500B72821 /* SDWebImageOperation.h */,
				CF2C7C661C8961B500B72821 /* SDWebImagePrefetcher.h */,
				CF2C7C671C8961B500B72821 /* SDWebImagePrefetcher.m */,
				CF2C7C681C8961B500B72821 /* UIButton+WebCache.h */,
				CF2C7C691C8961B500B72821 /* UIButton+WebCache.m */,
				CF2C7C6A1C8961B500B72821 /* UIImage+GIF.h */,
				CF2C7C6B1C8961B500B72821 /* UIImage+GIF.m */,
				CF2C7C6C1C8961B500B72821 /* UIImage+MultiFormat.h */,
				CF2C7C6D1C8961B500B72821 /* UIImage+MultiFormat.m */,
				CF2C7C6E1C8961B500B72821 /* UIImageView+HighlightedWebCache.h */,
				CF2C7C6F1C8961B500B72821 /* UIImageView+HighlightedWebCache.m */,
				CF2C7C701C8961B500B72821 /* UIImageView+WebCache.h */,
				CF2C7C711C8961B500B72821 /* UIImageView+WebCache.m */,
				CF2C7C721C8961B500B72821 /* UIView+WebCacheOperation.h */,
				CF2C7C731C8961B500B72821 /* UIView+WebCacheOperation.m */,
			);
			path = SDWebImage;
			sourceTree = "<group>";
		};
		CF2C7C841C8961B500B72821 /* SupportFile */ = {
			isa = PBXGroup;
			children = (
				CF5F18991DC86DFD005D1D04 /* Utility.swift */,
				CF2C7C851C8961B500B72821 /* MuColor.swift */,
				CF2C7C891C8961B500B72821 /* MuView.swift */,
				CF2177551DFF92B8004E132F /* UIImage+extension.swift */,
				CF2C7C8B1C8961B500B72821 /* ImagePickerProject-Bridging-Header.h */,
			);
			path = SupportFile;
			sourceTree = "<group>";
		};
		CF2EAD5F1E8E090F00E867AB /* SnapKit */ = {
			isa = PBXGroup;
			children = (
				CF2EAD601E8E090F00E867AB /* LICENSE */,
				CF2EAD611E8E090F00E867AB /* README.md */,
				CF2EAD621E8E090F00E867AB /* Source */,
			);
			path = SnapKit;
			sourceTree = "<group>";
		};
		CF2EAD621E8E090F00E867AB /* Source */ = {
			isa = PBXGroup;
			children = (
				CF2EAD631E8E090F00E867AB /* Constraint.swift */,
				CF2EAD641E8E090F00E867AB /* ConstraintAttributes.swift */,
				CF2EAD651E8E090F00E867AB /* ConstraintConfig.swift */,
				CF2EAD661E8E090F00E867AB /* ConstraintConstantTarget.swift */,
				CF2EAD671E8E090F00E867AB /* ConstraintDescription.swift */,
				CF2EAD681E8E090F00E867AB /* ConstraintDSL.swift */,
				CF2EAD691E8E090F00E867AB /* ConstraintInsets.swift */,
				CF2EAD6A1E8E090F00E867AB /* ConstraintInsetTarget.swift */,
				CF2EAD6B1E8E090F00E867AB /* ConstraintItem.swift */,
				CF2EAD6C1E8E090F00E867AB /* ConstraintLayoutGuide.swift */,
				CF2EAD6D1E8E090F00E867AB /* ConstraintLayoutGuideDSL.swift */,
				CF2EAD6E1E8E090F00E867AB /* ConstraintLayoutSupport.swift */,
				CF2EAD6F1E8E090F00E867AB /* ConstraintLayoutSupportDSL.swift */,
				CF2EAD701E8E090F00E867AB /* ConstraintMaker.swift */,
				CF2EAD711E8E090F00E867AB /* ConstraintMakerEditable.swift */,
				CF2EAD721E8E090F00E867AB /* ConstraintMakerExtendable.swift */,
				CF2EAD731E8E090F00E867AB /* ConstraintMakerFinalizable.swift */,
				CF2EAD741E8E090F00E867AB /* ConstraintMakerPriortizable.swift */,
				CF2EAD751E8E090F00E867AB /* ConstraintMakerRelatable.swift */,
				CF2EAD761E8E090F00E867AB /* ConstraintMultiplierTarget.swift */,
				CF2EAD771E8E090F00E867AB /* ConstraintOffsetTarget.swift */,
				CF2EAD781E8E090F00E867AB /* ConstraintPriorityTarget.swift */,
				CF2EAD791E8E090F00E867AB /* ConstraintRelatableTarget.swift */,
				CF2EAD7A1E8E090F00E867AB /* ConstraintRelation.swift */,
				CF2EAD7B1E8E090F00E867AB /* ConstraintView+Extensions.swift */,
				CF2EAD7C1E8E090F00E867AB /* ConstraintView.swift */,
				CF2EAD7D1E8E090F00E867AB /* ConstraintViewDSL.swift */,
				CF2EAD7E1E8E090F00E867AB /* Debugging.swift */,
				CF2EAD7F1E8E090F00E867AB /* LayoutConstraint.swift */,
				CF2EAD801E8E090F00E867AB /* UILayoutGuide+Extensions.swift */,
				CF2EAD811E8E090F00E867AB /* UILayoutSupport+Extensions.swift */,
			);
			path = Source;
			sourceTree = "<group>";
		};
		CFDC2D481E8E0E6100097F4C /* ImagePicker */ = {
			isa = PBXGroup;
			children = (
				CFDC2D491E8E0E6100097F4C /* Album */,
				CFDC2D4D1E8E0E6100097F4C /* Camera */,
				CFDC2D521E8E0E6100097F4C /* Crop */,
				CFDC2D571E8E0E6100097F4C /* Main */,
				CFDC2D5B1E8E0E6100097F4C /* PhotoBrowser */,
				CFDC2D561E8E0E6100097F4C /* ImagePickerHelper.swift */,
				CFDC2D601E8E0E6100097F4C /* PhotosManager.swift */,
				CFDC2D611E8E0E6100097F4C /* PopViewHelper.swift */,
			);
			path = ImagePicker;
			sourceTree = "<group>";
		};
		CFDC2D491E8E0E6100097F4C /* Album */ = {
			isa = PBXGroup;
			children = (
				CFDC2D4A1E8E0E6100097F4C /* PhotoAlbumCell.swift */,
				CFDC2D4B1E8E0E6100097F4C /* PhotoAlbumCell.xib */,
				CFDC2D4C1E8E0E6100097F4C /* PhotoAlbumView.swift */,
			);
			path = Album;
			sourceTree = "<group>";
		};
		CFDC2D4D1E8E0E6100097F4C /* Camera */ = {
			isa = PBXGroup;
			children = (
				CFDC2D4E1E8E0E6100097F4C /* CameraHelper.swift */,
				CFDC2D4F1E8E0E6100097F4C /* CameraPreviewCell.swift */,
				CFDC2D501E8E0E6100097F4C /* CameraPreviewCell.xib */,
				CFDC2D511E8E0E6100097F4C /* CameraPreviewView.swift */,
			);
			path = Camera;
			sourceTree = "<group>";
		};
		CFDC2D521E8E0E6100097F4C /* Crop */ = {
			isa = PBXGroup;
			children = (
				CFDC2D531E8E0E6100097F4C /* CropImageScrollView.swift */,
				CFDC2D541E8E0E6100097F4C /* PhotoCropViewController.swift */,
				CFDC2D551E8E0E6100097F4C /* PhotoMaskView.swift */,
			);
			path = Crop;
			sourceTree = "<group>";
		};
		CFDC2D571E8E0E6100097F4C /* Main */ = {
			isa = PBXGroup;
			children = (
				CFDC2D581E8E0E6100097F4C /* PhotoColletionViewController.swift */,
				CFDC2D591E8E0E6100097F4C /* PhotoThumbCell.swift */,
				CFDC2D5A1E8E0E6100097F4C /* PhotoThumbCell.xib */,
			);
			path = Main;
			sourceTree = "<group>";
		};
		CFDC2D5B1E8E0E6100097F4C /* PhotoBrowser */ = {
			isa = PBXGroup;
			children = (
				CFDC2D5C1E8E0E6100097F4C /* PhotoCollectionLiteCell.swift */,
				CFDC2D5D1E8E0E6100097F4C /* PreviewPhotoViewController.swift */,
				CFDC2D5E1E8E0E6100097F4C /* WZPhotoBrowserLite.swift */,
				CFDC2D5F1E8E0E6100097F4C /* ZoomImageScrollViewLite.swift */,
			);
			path = PhotoBrowser;
			sourceTree = "<group>";
		};
/* End PBXGroup section */

/* Begin PBXNativeTarget section */
		CF2C77ED1C89613700B72821 /* ImagePickerProject */ = {
			isa = PBXNativeTarget;
			buildConfigurationList = CF2C78001C89613700B72821 /* Build configuration list for PBXNativeTarget "ImagePickerProject" */;
			buildPhases = (
				CF2C77EA1C89613700B72821 /* Sources */,
				CF2C77EB1C89613700B72821 /* Frameworks */,
				CF2C77EC1C89613700B72821 /* Resources */,
			);
			buildRules = (
			);
			dependencies = (
			);
			name = ImagePickerProject;
			productName = ImagePickerProject;
			productReference = CF2C77EE1C89613700B72821 /* ImagePickerProject.app */;
			productType = "com.apple.product-type.application";
		};
/* End PBXNativeTarget section */

/* Begin PBXProject section */
		CF2C77E61C89613700B72821 /* Project object */ = {
			isa = PBXProject;
			attributes = {
				LastSwiftUpdateCheck = 0720;
				LastUpgradeCheck = 0720;
				ORGANIZATIONNAME = "范祎楠";
				TargetAttributes = {
					CF2C77ED1C89613700B72821 = {
						CreatedOnToolsVersion = 7.2;
						DevelopmentTeam = 4RQRV7P524;
						LastSwiftMigration = 0800;
					};
				};
			};
			buildConfigurationList = CF2C77E91C89613700B72821 /* Build configuration list for PBXProject "ImagePickerProject" */;
			compatibilityVersion = "Xcode 3.2";
			developmentRegion = English;
			hasScannedForEncodings = 0;
			knownRegions = (
				en,
				Base,
			);
			mainGroup = CF2C77E51C89613700B72821;
			productRefGroup = CF2C77EF1C89613700B72821 /* Products */;
			projectDirPath = "";
			projectRoot = "";
			targets = (
				CF2C77ED1C89613700B72821 /* ImagePickerProject */,
			);
		};
/* End PBXProject section */

/* Begin PBXResourcesBuildPhase section */
		CF2C77EC1C89613700B72821 /* Resources */ = {
			isa = PBXResourcesBuildPhase;
			buildActionMask = 2147483647;
			files = (
				CFDC2D631E8E0E6100097F4C /* PhotoAlbumCell.xib in Resources */,
				CFDC2D6F1E8E0E6100097F4C /* PhotoThumbCell.xib in Resources */,
				CF2C77FC1C89613700B72821 /* LaunchScreen.storyboard in Resources */,
				CF2EAD821E8E090F00E867AB /* LICENSE in Resources */,
				CFDC2D671E8E0E6100097F4C /* CameraPreviewCell.xib in Resources */,
				CF2C77F91C89613700B72821 /* Assets.xcassets in Resources */,
				CF2C77F71C89613700B72821 /* Main.storyboard in Resources */,
			);
			runOnlyForDeploymentPostprocessing = 0;
		};
/* End PBXResourcesBuildPhase section */

/* Begin PBXSourcesBuildPhase section */
		CF2C77EA1C89613700B72821 /* Sources */ = {
			isa = PBXSourcesBuildPhase;
			buildActionMask = 2147483647;
			files = (
				CF2EAD951E8E090F00E867AB /* ConstraintMakerPriortizable.swift in Sources */,
				CF2EAD9F1E8E090F00E867AB /* Debugging.swift in Sources */,
				CFDC2D741E8E0E6100097F4C /* PhotosManager.swift in Sources */,
				CF2EAD8A1E8E090F00E867AB /* ConstraintInsets.swift in Sources */,
				CFDC2D6D1E8E0E6100097F4C /* PhotoColletionViewController.swift in Sources */,
				CF2EAD8E1E8E090F00E867AB /* ConstraintLayoutGuideDSL.swift in Sources */,
				CFDC2D751E8E0E6100097F4C /* PopViewHelper.swift in Sources */,
				CF2EAD871E8E090F00E867AB /* ConstraintConstantTarget.swift in Sources */,
				CF2EAD991E8E090F00E867AB /* ConstraintPriorityTarget.swift in Sources */,
				CF2C80311C8961B500B72821 /* SDWebImageManager.m in Sources */,
				CFDC2D6B1E8E0E6100097F4C /* PhotoMaskView.swift in Sources */,
				CF2EAD921E8E090F00E867AB /* ConstraintMakerEditable.swift in Sources */,
				CF2EAD881E8E090F00E867AB /* ConstraintDescription.swift in Sources */,
				CF2EAD8B1E8E090F00E867AB /* ConstraintInsetTarget.swift in Sources */,
				CF2EAD9E1E8E090F00E867AB /* ConstraintViewDSL.swift in Sources */,
				CF2C80381C8961B500B72821 /* UIView+WebCacheOperation.m in Sources */,
				CFDC2D651E8E0E6100097F4C /* CameraHelper.swift in Sources */,
				CF2EADA01E8E090F00E867AB /* LayoutConstraint.swift in Sources */,
				CF2C802B1C8961B500B72821 /* NSData+ImageContentType.m in Sources */,
				CF2EAD891E8E090F00E867AB /* ConstraintDSL.swift in Sources */,
				CF2EAD841E8E090F00E867AB /* Constraint.swift in Sources */,
				CF2C80301C8961B500B72821 /* SDWebImageDownloaderOperation.m in Sources */,
				CFDC2D641E8E0E6100097F4C /* PhotoAlbumView.swift in Sources */,
				CF2C77F41C89613700B72821 /* ViewController.swift in Sources */,
				CF2EADA11E8E090F00E867AB /* UILayoutGuide+Extensions.swift in Sources */,
				CF2EAD981E8E090F00E867AB /* ConstraintOffsetTarget.swift in Sources */,
				CF2EAD961E8E090F00E867AB /* ConstraintMakerRelatable.swift in Sources */,
				CF2C802E1C8961B500B72821 /* SDWebImageDecoder.m in Sources */,
				CFDC2D6C1E8E0E6100097F4C /* ImagePickerHelper.swift in Sources */,
				CF2EAD971E8E090F00E867AB /* ConstraintMultiplierTarget.swift in Sources */,
				CFDC2D701E8E0E6100097F4C /* PhotoCollectionLiteCell.swift in Sources */,
				CF2EAD9A1E8E090F00E867AB /* ConstraintRelatableTarget.swift in Sources */,
				CF2EAD9C1E8E090F00E867AB /* ConstraintView+Extensions.swift in Sources */,
				CF2EAD861E8E090F00E867AB /* ConstraintConfig.swift in Sources */,
				CF2C80331C8961B500B72821 /* UIButton+WebCache.m in Sources */,
				CF2EADA21E8E090F00E867AB /* UILayoutSupport+Extensions.swift in Sources */,
				CF2EAD8F1E8E090F00E867AB /* ConstraintLayoutSupport.swift in Sources */,
				CF2C804B1C8961B500B72821 /* MuView.swift in Sources */,
				CFDC2D681E8E0E6100097F4C /* CameraPreviewView.swift in Sources */,
				CF2C802C1C8961B500B72821 /* SDImageCache.m in Sources */,
				CF2C80361C8961B500B72821 /* UIImageView+HighlightedWebCache.m in Sources */,
				CF2C80371C8961B500B72821 /* UIImageView+WebCache.m in Sources */,
				CF2C802D1C8961B500B72821 /* SDWebImageCompat.m in Sources */,
				CF2C80321C8961B500B72821 /* SDWebImagePrefetcher.m in Sources */,
				CF2EAD901E8E090F00E867AB /* ConstraintLayoutSupportDSL.swift in Sources */,
				CF2EAD941E8E090F00E867AB /* ConstraintMakerFinalizable.swift in Sources */,
				CF2EAD8C1E8E090F00E867AB /* ConstraintItem.swift in Sources */,
				CF2EAD9D1E8E090F00E867AB /* ConstraintView.swift in Sources */,
				CF2C802F1C8961B500B72821 /* SDWebImageDownloader.m in Sources */,
				CFDC2D711E8E0E6100097F4C /* PreviewPhotoViewController.swift in Sources */,
				CFDC2D6A1E8E0E6100097F4C /* PhotoCropViewController.swift in Sources */,
				CF2177561DFF92B8004E132F /* UIImage+extension.swift in Sources */,
				CF2C77F21C89613700B72821 /* AppDelegate.swift in Sources */,
				CF2EAD8D1E8E090F00E867AB /* ConstraintLayoutGuide.swift in Sources */,
				CFDC2D6E1E8E0E6100097F4C /* PhotoThumbCell.swift in Sources */,
				CFDC2D661E8E0E6100097F4C /* CameraPreviewCell.swift in Sources */,
				CFDC2D731E8E0E6100097F4C /* ZoomImageScrollViewLite.swift in Sources */,
				CFDC2D691E8E0E6100097F4C /* CropImageScrollView.swift in Sources */,
				CFDC2D621E8E0E6100097F4C /* PhotoAlbumCell.swift in Sources */,
				CF5F189A1DC86DFD005D1D04 /* Utility.swift in Sources */,
				CF2EAD9B1E8E090F00E867AB /* ConstraintRelation.swift in Sources */,
				CFDC2D721E8E0E6100097F4C /* WZPhotoBrowserLite.swift in Sources */,
				CF2EAD851E8E090F00E867AB /* ConstraintAttributes.swift in Sources */,
				CF2EAD831E8E090F00E867AB /* README.md in Sources */,
				CF2C80351C8961B500B72821 /* UIImage+MultiFormat.m in Sources */,
				CF2EAD911E8E090F00E867AB /* ConstraintMaker.swift in Sources */,
				CF2C80341C8961B500B72821 /* UIImage+GIF.m in Sources */,
				CF2C80471C8961B500B72821 /* MuColor.swift in Sources */,
				CF2EAD931E8E090F00E867AB /* ConstraintMakerExtendable.swift in Sources */,
			);
			runOnlyForDeploymentPostprocessing = 0;
		};
/* End PBXSourcesBuildPhase section */

/* Begin PBXVariantGroup section */
		CF2C77F51C89613700B72821 /* Main.storyboard */ = {
			isa = PBXVariantGroup;
			children = (
				CF2C77F61C89613700B72821 /* Base */,
			);
			name = Main.storyboard;
			sourceTree = "<group>";
		};
		CF2C77FA1C89613700B72821 /* LaunchScreen.storyboard */ = {
			isa = PBXVariantGroup;
			children = (
				CF2C77FB1C89613700B72821 /* Base */,
			);
			name = LaunchScreen.storyboard;
			sourceTree = "<group>";
		};
/* End PBXVariantGroup section */

/* Begin XCBuildConfiguration section */
		CF2C77FE1C89613700B72821 /* Debug */ = {
			isa = XCBuildConfiguration;
			buildSettings = {
				ALWAYS_SEARCH_USER_PATHS = NO;
				CLANG_CXX_LANGUAGE_STANDARD = "gnu++0x";
				CLANG_CXX_LIBRARY = "libc++";
				CLANG_ENABLE_MODULES = YES;
				CLANG_ENABLE_OBJC_ARC = YES;
				CLANG_WARN_BOOL_CONVERSION = YES;
				CLANG_WARN_CONSTANT_CONVERSION = YES;
				CLANG_WARN_DIRECT_OBJC_ISA_USAGE = YES_ERROR;
				CLANG_WARN_EMPTY_BODY = YES;
				CLANG_WARN_ENUM_CONVERSION = YES;
				CLANG_WARN_INT_CONVERSION = YES;
				CLANG_WARN_OBJC_ROOT_CLASS = YES_ERROR;
				CLANG_WARN_UNREACHABLE_CODE = YES;
				CLANG_WARN__DUPLICATE_METHOD_MATCH = YES;
				"CODE_SIGN_IDENTITY[sdk=iphoneos*]" = "iPhone Developer";
				COPY_PHASE_STRIP = NO;
				DEBUG_INFORMATION_FORMAT = dwarf;
				ENABLE_STRICT_OBJC_MSGSEND = YES;
				ENABLE_TESTABILITY = YES;
				GCC_C_LANGUAGE_STANDARD = gnu99;
				GCC_DYNAMIC_NO_PIC = NO;
				GCC_NO_COMMON_BLOCKS = YES;
				GCC_OPTIMIZATION_LEVEL = 0;
				GCC_PREPROCESSOR_DEFINITIONS = (
					"DEBUG=1",
					"$(inherited)",
				);
				GCC_WARN_64_TO_32_BIT_CONVERSION = YES;
				GCC_WARN_ABOUT_RETURN_TYPE = YES_ERROR;
				GCC_WARN_UNDECLARED_SELECTOR = YES;
				GCC_WARN_UNINITIALIZED_AUTOS = YES_AGGRESSIVE;
				GCC_WARN_UNUSED_FUNCTION = YES;
				GCC_WARN_UNUSED_VARIABLE = YES;
				IPHONEOS_DEPLOYMENT_TARGET = 9.2;
				MTL_ENABLE_DEBUG_INFO = YES;
				ONLY_ACTIVE_ARCH = YES;
				SDKROOT = iphoneos;
				SWIFT_OPTIMIZATION_LEVEL = "-Onone";
			};
			name = Debug;
		};
		CF2C77FF1C89613700B72821 /* Release */ = {
			isa = XCBuildConfiguration;
			buildSettings = {
				ALWAYS_SEARCH_USER_PATHS = NO;
				CLANG_CXX_LANGUAGE_STANDARD = "gnu++0x";
				CLANG_CXX_LIBRARY = "libc++";
				CLANG_ENABLE_MODULES = YES;
				CLANG_ENABLE_OBJC_ARC = YES;
				CLANG_WARN_BOOL_CONVERSION = YES;
				CLANG_WARN_CONSTANT_CONVERSION = YES;
				CLANG_WARN_DIRECT_OBJC_ISA_USAGE = YES_ERROR;
				CLANG_WARN_EMPTY_BODY = YES;
				CLANG_WARN_ENUM_CONVERSION = YES;
				CLANG_WARN_INT_CONVERSION = YES;
				CLANG_WARN_OBJC_ROOT_CLASS = YES_ERROR;
				CLANG_WARN_UNREACHABLE_CODE = YES;
				CLANG_WARN__DUPLICATE_METHOD_MATCH = YES;
				"CODE_SIGN_IDENTITY[sdk=iphoneos*]" = "iPhone Developer";
				COPY_PHASE_STRIP = NO;
				DEBUG_INFORMATION_FORMAT = "dwarf-with-dsym";
				ENABLE_NS_ASSERTIONS = NO;
				ENABLE_STRICT_OBJC_MSGSEND = YES;
				GCC_C_LANGUAGE_STANDARD = gnu99;
				GCC_NO_COMMON_BLOCKS = YES;
				GCC_WARN_64_TO_32_BIT_CONVERSION = YES;
				GCC_WARN_ABOUT_RETURN_TYPE = YES_ERROR;
				GCC_WARN_UNDECLARED_SELECTOR = YES;
				GCC_WARN_UNINITIALIZED_AUTOS = YES_AGGRESSIVE;
				GCC_WARN_UNUSED_FUNCTION = YES;
				GCC_WARN_UNUSED_VARIABLE = YES;
				IPHONEOS_DEPLOYMENT_TARGET = 9.2;
				MTL_ENABLE_DEBUG_INFO = NO;
				SDKROOT = iphoneos;
				VALIDATE_PRODUCT = YES;
			};
			name = Release;
		};
		CF2C78011C89613700B72821 /* Debug */ = {
			isa = XCBuildConfiguration;
			buildSettings = {
				ASSETCATALOG_COMPILER_APPICON_NAME = AppIcon;
				CODE_SIGN_IDENTITY = "iPhone Developer";
				"CODE_SIGN_IDENTITY[sdk=iphoneos*]" = "iPhone Developer";
				INFOPLIST_FILE = ImagePickerProject/Info.plist;
				IPHONEOS_DEPLOYMENT_TARGET = 8.2;
				LD_RUNPATH_SEARCH_PATHS = "$(inherited) @executable_path/Frameworks";
				PRODUCT_BUNDLE_IDENTIFIER = fyn.ImagePickerProject;
				PRODUCT_NAME = "$(TARGET_NAME)";
				PROVISIONING_PROFILE = "";
				SWIFT_OBJC_BRIDGING_HEADER = "ImagePickerProject/SupportFile/ImagePickerProject-Bridging-Header.h";
				SWIFT_VERSION = 3.0;
			};
			name = Debug;
		};
		CF2C78021C89613700B72821 /* Release */ = {
			isa = XCBuildConfiguration;
			buildSettings = {
				ASSETCATALOG_COMPILER_APPICON_NAME = AppIcon;
				CODE_SIGN_IDENTITY = "iPhone Developer";
				"CODE_SIGN_IDENTITY[sdk=iphoneos*]" = "iPhone Developer";
				INFOPLIST_FILE = ImagePickerProject/Info.plist;
				IPHONEOS_DEPLOYMENT_TARGET = 8.2;
				LD_RUNPATH_SEARCH_PATHS = "$(inherited) @executable_path/Frameworks";
				PRODUCT_BUNDLE_IDENTIFIER = fyn.ImagePickerProject;
				PRODUCT_NAME = "$(TARGET_NAME)";
				PROVISIONING_PROFILE = "";
				SWIFT_OBJC_BRIDGING_HEADER = "ImagePickerProject/SupportFile/ImagePickerProject-Bridging-Header.h";
				SWIFT_VERSION = 3.0;
			};
			name = Release;
		};
/* End XCBuildConfiguration section */

/* Begin XCConfigurationList section */
		CF2C77E91C89613700B72821 /* Build configuration list for PBXProject "ImagePickerProject" */ = {
			isa = XCConfigurationList;
			buildConfigurations = (
				CF2C77FE1C89613700B72821 /* Debug */,
				CF2C77FF1C89613700B72821 /* Release */,
			);
			defaultConfigurationIsVisible = 0;
			defaultConfigurationName = Release;
		};
		CF2C78001C89613700B72821 /* Build configuration list for PBXNativeTarget "ImagePickerProject" */ = {
			isa = XCConfigurationList;
			buildConfigurations = (
				CF2C78011C89613700B72821 /* Debug */,
				CF2C78021C89613700B72821 /* Release */,
			);
			defaultConfigurationIsVisible = 0;
			defaultConfigurationName = Release;
		};
/* End XCConfigurationList section */
	};
	rootObject = CF2C77E61C89613700B72821 /* Project object */;
}
